{
  "pins" : [
    {
      "identity" : "opengraph",
      "kind" : "remoteSourceControl",
      "location" : "https://github.com/satoshi-takano/OpenGraph",
      "state" : {
        "revision" : "15fa71b31cf85695cf7035a077aaa624f679f53a",
        "version" : "1.6.0"
      }
    }
  ],
  "version" : 2
}
