// !$*UTF8*$!
{
	archiveVersion = 1;
	classes = {
	};
	objectVersion = 56;
	objects = {

/* Begin PBXBuildFile section */
		471FE9422C74C10B00D20F4C /* Provider.swift in Sources */ = {isa = PBXBuildFile; fileRef = 471FE9402C74C10600D20F4C /* Provider.swift */; };
		471FE9442C75090500D20F4C /* TipLibs in Frameworks */ = {isa = PBXBuildFile; productRef = 471FE9432C75090500D20F4C /* TipLibs */; };
		471FE9462C764B8B00D20F4C /* FCard.swift in Sources */ = {isa = PBXBuildFile; fileRef = 471FE9452C764B8B00D20F4C /* FCard.swift */; };
		471FE9482C764FF600D20F4C /* LeaderboardView.swift in Sources */ = {isa = PBXBuildFile; fileRef = 471FE9472C764FF600D20F4C /* LeaderboardView.swift */; };
		471FE94A2C7749C400D20F4C /* GenericTipView.swift in Sources */ = {isa = PBXBuildFile; fileRef = 471FE9492C7749C400D20F4C /* GenericTipView.swift */; };
		471FE94E2C77546500D20F4C /* NerkoOne-Regular.ttf in Resources */ = {isa = PBXBuildFile; fileRef = 471FE94D2C77546500D20F4C /* NerkoOne-Regular.ttf */; };
		471FE9532C7CEC4300D20F4C /* ToDelete.swift in Sources */ = {isa = PBXBuildFile; fileRef = 471FE9522C7CEC4300D20F4C /* ToDelete.swift */; };
		471FE9762C7F808C00D20F4C /* MoxieTrackerApp.swift in Sources */ = {isa = PBXBuildFile; fileRef = 471FE9752C7F808C00D20F4C /* MoxieTrackerApp.swift */; };
		471FE9782C7F808C00D20F4C /* ContentView.swift in Sources */ = {isa = PBXBuildFile; fileRef = 471FE9772C7F808C00D20F4C /* ContentView.swift */; };
		471FE97A2C7F808D00D20F4C /* Assets.xcassets in Resources */ = {isa = PBXBuildFile; fileRef = 471FE9792C7F808D00D20F4C /* Assets.xcassets */; };
		471FE97D2C7F808D00D20F4C /* Preview Assets.xcassets in Resources */ = {isa = PBXBuildFile; fileRef = 471FE97C2C7F808D00D20F4C /* Preview Assets.xcassets */; };
		471FE9872C7F808D00D20F4C /* MoxieTrackerTests.swift in Sources */ = {isa = PBXBuildFile; fileRef = 471FE9862C7F808D00D20F4C /* MoxieTrackerTests.swift */; };
		471FE9912C7F808D00D20F4C /* MoxieTrackerUITests.swift in Sources */ = {isa = PBXBuildFile; fileRef = 471FE9902C7F808D00D20F4C /* MoxieTrackerUITests.swift */; };
		471FE9932C7F808D00D20F4C /* MoxieTrackerUITestsLaunchTests.swift in Sources */ = {isa = PBXBuildFile; fileRef = 471FE9922C7F808D00D20F4C /* MoxieTrackerUITestsLaunchTests.swift */; };
		471FE99E2C7F809600D20F4C /* MoxieLib in Frameworks */ = {isa = PBXBuildFile; productRef = 471FE99D2C7F809600D20F4C /* MoxieLib */; };
		471FE9A82C7F821400D20F4C /* WidgetKit.framework in Frameworks */ = {isa = PBXBuildFile; fileRef = 47C324322C6E57D400BE03C2 /* WidgetKit.framework */; };
		471FE9A92C7F821400D20F4C /* SwiftUI.framework in Frameworks */ = {isa = PBXBuildFile; fileRef = 47C324342C6E57D500BE03C2 /* SwiftUI.framework */; };
		471FE9B82C7F821400D20F4C /* MoxieWidgetExtension.appex in Embed Foundation Extensions */ = {isa = PBXBuildFile; fileRef = 471FE9A72C7F821400D20F4C /* MoxieWidgetExtension.appex */; settings = {ATTRIBUTES = (RemoveHeadersOnCopy, ); }; };
		471FE9BD2C7F823400D20F4C /* MoxieWidgetSimpleLiveActivity.swift in Sources */ = {isa = PBXBuildFile; fileRef = 471FE95E2C7E59A500D20F4C /* MoxieWidgetSimpleLiveActivity.swift */; };
		471FE9BE2C7F823400D20F4C /* MoxieWidgetSimple.swift in Sources */ = {isa = PBXBuildFile; fileRef = 471FE9602C7E59A500D20F4C /* MoxieWidgetSimple.swift */; };
		471FE9BF2C7F823400D20F4C /* MoxieWidgetSimpleBundle.swift in Sources */ = {isa = PBXBuildFile; fileRef = 471FE95C2C7E59A500D20F4C /* MoxieWidgetSimpleBundle.swift */; };
		471FE9C02C7F823400D20F4C /* AppIntent.swift in Sources */ = {isa = PBXBuildFile; fileRef = 471FE9622C7E59A500D20F4C /* AppIntent.swift */; };
		471FE9C52C7F82E400D20F4C /* MoxieLib in Frameworks */ = {isa = PBXBuildFile; productRef = 471FE9C42C7F82E400D20F4C /* MoxieLib */; };
		47C324032C6E578300BE03C2 /* fc_poc_wfApp.swift in Sources */ = {isa = PBXBuildFile; fileRef = 47C324022C6E578300BE03C2 /* fc_poc_wfApp.swift */; };
		47C324052C6E578300BE03C2 /* ContentView.swift in Sources */ = {isa = PBXBuildFile; fileRef = 47C324042C6E578300BE03C2 /* ContentView.swift */; };
		47C324072C6E578400BE03C2 /* Assets.xcassets in Resources */ = {isa = PBXBuildFile; fileRef = 47C324062C6E578400BE03C2 /* Assets.xcassets */; };
		47C3240A2C6E578400BE03C2 /* Preview Assets.xcassets in Resources */ = {isa = PBXBuildFile; fileRef = 47C324092C6E578400BE03C2 /* Preview Assets.xcassets */; };
		47C324142C6E578400BE03C2 /* fc_poc_wfTests.swift in Sources */ = {isa = PBXBuildFile; fileRef = 47C324132C6E578400BE03C2 /* fc_poc_wfTests.swift */; };
		47C3241E2C6E578400BE03C2 /* fc_poc_wfUITests.swift in Sources */ = {isa = PBXBuildFile; fileRef = 47C3241D2C6E578400BE03C2 /* fc_poc_wfUITests.swift */; };
		47C324202C6E578400BE03C2 /* fc_poc_wfUITestsLaunchTests.swift in Sources */ = {isa = PBXBuildFile; fileRef = 47C3241F2C6E578400BE03C2 /* fc_poc_wfUITestsLaunchTests.swift */; };
		47C324332C6E57D500BE03C2 /* WidgetKit.framework in Frameworks */ = {isa = PBXBuildFile; fileRef = 47C324322C6E57D400BE03C2 /* WidgetKit.framework */; };
		47C324352C6E57D500BE03C2 /* SwiftUI.framework in Frameworks */ = {isa = PBXBuildFile; fileRef = 47C324342C6E57D500BE03C2 /* SwiftUI.framework */; };
		47C324382C6E57D500BE03C2 /* FCWidgetsBundle.swift in Sources */ = {isa = PBXBuildFile; fileRef = 47C324372C6E57D500BE03C2 /* FCWidgetsBundle.swift */; };
		47C3243A2C6E57D500BE03C2 /* FCWidgetsLiveActivity.swift in Sources */ = {isa = PBXBuildFile; fileRef = 47C324392C6E57D500BE03C2 /* FCWidgetsLiveActivity.swift */; };
		47C3243C2C6E57D500BE03C2 /* FCWidgets.swift in Sources */ = {isa = PBXBuildFile; fileRef = 47C3243B2C6E57D500BE03C2 /* FCWidgets.swift */; };
		47C3243E2C6E57D500BE03C2 /* AppIntent.swift in Sources */ = {isa = PBXBuildFile; fileRef = 47C3243D2C6E57D500BE03C2 /* AppIntent.swift */; };
		47C324402C6E57D500BE03C2 /* Assets.xcassets in Resources */ = {isa = PBXBuildFile; fileRef = 47C3243F2C6E57D500BE03C2 /* Assets.xcassets */; };
		47C324442C6E57D500BE03C2 /* FCWidgetsExtension.appex in Embed Foundation Extensions */ = {isa = PBXBuildFile; fileRef = 47C324302C6E57D400BE03C2 /* FCWidgetsExtension.appex */; settings = {ATTRIBUTES = (RemoveHeadersOnCopy, ); }; };
		47EC54642C808080006C2820 /* MoxieLib in Frameworks */ = {isa = PBXBuildFile; productRef = 47EC54632C808080006C2820 /* MoxieLib */; };
		47EC54662C822950006C2820 /* HomeView.swift in Sources */ = {isa = PBXBuildFile; fileRef = 47EC54652C822950006C2820 /* HomeView.swift */; };
		47EC54682C8229B2006C2820 /* SettingsView.swift in Sources */ = {isa = PBXBuildFile; fileRef = 47EC54672C8229B2006C2820 /* SettingsView.swift */; };
		47EC546A2C8229F4006C2820 /* MoxieViewModel.swift in Sources */ = {isa = PBXBuildFile; fileRef = 47EC54692C8229F4006C2820 /* MoxieViewModel.swift */; };
		47EC546C2C822A25006C2820 /* ScheduleNotificationView.swift in Sources */ = {isa = PBXBuildFile; fileRef = 47EC546B2C822A25006C2820 /* ScheduleNotificationView.swift */; };
		47EC546E2C822A69006C2820 /* CardView.swift in Sources */ = {isa = PBXBuildFile; fileRef = 47EC546D2C822A69006C2820 /* CardView.swift */; };
		47EC54702C822AC4006C2820 /* ProfileCardView.swift in Sources */ = {isa = PBXBuildFile; fileRef = 47EC546F2C822AC4006C2820 /* ProfileCardView.swift */; };
		47EC54742C822DA5006C2820 /* ErrorView.swift in Sources */ = {isa = PBXBuildFile; fileRef = 47EC54732C822DA5006C2820 /* ErrorView.swift */; };
		47EC54772C84DF3A006C2820 /* SearchListView.swift in Sources */ = {isa = PBXBuildFile; fileRef = 47EC54762C84DF3A006C2820 /* SearchListView.swift */; };
		47EC54792C87143E006C2820 /* AppDelegate.swift in Sources */ = {isa = PBXBuildFile; fileRef = 47EC54782C87143E006C2820 /* AppDelegate.swift */; };
		47EC547B2C87164E006C2820 /* BackgroundTasks.swift in Sources */ = {isa = PBXBuildFile; fileRef = 47EC547A2C87164E006C2820 /* BackgroundTasks.swift */; };
		47EC547D2C88324E006C2820 /* Haptics.swift in Sources */ = {isa = PBXBuildFile; fileRef = 47EC547C2C88324E006C2820 /* Haptics.swift */; };
		47EC54812C8B0CC9006C2820 /* UserDefaults+Extension.swift in Sources */ = {isa = PBXBuildFile; fileRef = 47EC54802C8B0CC9006C2820 /* UserDefaults+Extension.swift */; };
		47EC54832C8CC4F6006C2820 /* AccountView.swift in Sources */ = {isa = PBXBuildFile; fileRef = 47EC54822C8CC4F6006C2820 /* AccountView.swift */; };
		47EC54862C8E04AE006C2820 /* ConfettiSwiftUI in Frameworks */ = {isa = PBXBuildFile; productRef = 47EC54852C8E04AE006C2820 /* ConfettiSwiftUI */; };
		47EC54882C8F0582006C2820 /* Launch Screen.storyboard in Resources */ = {isa = PBXBuildFile; fileRef = 47EC54872C8F0582006C2820 /* Launch Screen.storyboard */; };
		47EC548A2C8F22FA006C2820 /* OnboardingView.swift in Sources */ = {isa = PBXBuildFile; fileRef = 47EC54892C8F22FA006C2820 /* OnboardingView.swift */; };
		B983C1032C74BC3E009B8893 /* TipLibs in Frameworks */ = {isa = PBXBuildFile; productRef = B983C1022C74BC3E009B8893 /* TipLibs */; };
		B9DF7F542C73611B0073D772 /* OpenGraph in Frameworks */ = {isa = PBXBuildFile; productRef = B9DF7F532C73611B0073D772 /* OpenGraph */; };
		B9DF7F5B2C73B0FD0073D772 /* WidgetKit.framework in Frameworks */ = {isa = PBXBuildFile; fileRef = 47C324322C6E57D400BE03C2 /* WidgetKit.framework */; };
		B9DF7F5C2C73B0FD0073D772 /* SwiftUI.framework in Frameworks */ = {isa = PBXBuildFile; fileRef = 47C324342C6E57D500BE03C2 /* SwiftUI.framework */; };
		B9DF7F5F2C73B0FD0073D772 /* FartherWidgetBundle.swift in Sources */ = {isa = PBXBuildFile; fileRef = B9DF7F5E2C73B0FD0073D772 /* FartherWidgetBundle.swift */; };
		B9DF7F612C73B0FD0073D772 /* FartherWidgetLiveActivity.swift in Sources */ = {isa = PBXBuildFile; fileRef = B9DF7F602C73B0FD0073D772 /* FartherWidgetLiveActivity.swift */; };
		B9DF7F632C73B0FD0073D772 /* FartherWidget.swift in Sources */ = {isa = PBXBuildFile; fileRef = B9DF7F622C73B0FD0073D772 /* FartherWidget.swift */; };
		B9DF7F652C73B0FD0073D772 /* AppIntent.swift in Sources */ = {isa = PBXBuildFile; fileRef = B9DF7F642C73B0FD0073D772 /* AppIntent.swift */; };
		B9DF7F672C73B1000073D772 /* Assets.xcassets in Resources */ = {isa = PBXBuildFile; fileRef = B9DF7F662C73B1000073D772 /* Assets.xcassets */; };
		B9DF7F6B2C73B1000073D772 /* FartherWidgetExtension.appex in Embed Foundation Extensions */ = {isa = PBXBuildFile; fileRef = B9DF7F5A2C73B0FD0073D772 /* FartherWidgetExtension.appex */; settings = {ATTRIBUTES = (RemoveHeadersOnCopy, ); }; };
		B9DF7F722C73C5E90073D772 /* WaterView.swift in Sources */ = {isa = PBXBuildFile; fileRef = B9DF7F712C73C5E90073D772 /* WaterView.swift */; };
/* End PBXBuildFile section */

/* Begin PBXContainerItemProxy section */
		471FE9832C7F808D00D20F4C /* PBXContainerItemProxy */ = {
			isa = PBXContainerItemProxy;
			containerPortal = 47C323F72C6E578300BE03C2 /* Project object */;
			proxyType = 1;
			remoteGlobalIDString = 471FE9722C7F808C00D20F4C;
			remoteInfo = MoxieTracker;
		};
		471FE98D2C7F808D00D20F4C /* PBXContainerItemProxy */ = {
			isa = PBXContainerItemProxy;
			containerPortal = 47C323F72C6E578300BE03C2 /* Project object */;
			proxyType = 1;
			remoteGlobalIDString = 471FE9722C7F808C00D20F4C;
			remoteInfo = MoxieTracker;
		};
		471FE9B62C7F821400D20F4C /* PBXContainerItemProxy */ = {
			isa = PBXContainerItemProxy;
			containerPortal = 47C323F72C6E578300BE03C2 /* Project object */;
			proxyType = 1;
			remoteGlobalIDString = 471FE9A62C7F821400D20F4C;
			remoteInfo = MoxieWidgetExtension;
		};
		47C324102C6E578400BE03C2 /* PBXContainerItemProxy */ = {
			isa = PBXContainerItemProxy;
			containerPortal = 47C323F72C6E578300BE03C2 /* Project object */;
			proxyType = 1;
			remoteGlobalIDString = 47C323FE2C6E578300BE03C2;
			remoteInfo = "fc-poc-wf";
		};
		47C3241A2C6E578400BE03C2 /* PBXContainerItemProxy */ = {
			isa = PBXContainerItemProxy;
			containerPortal = 47C323F72C6E578300BE03C2 /* Project object */;
			proxyType = 1;
			remoteGlobalIDString = 47C323FE2C6E578300BE03C2;
			remoteInfo = "fc-poc-wf";
		};
		47C324422C6E57D500BE03C2 /* PBXContainerItemProxy */ = {
			isa = PBXContainerItemProxy;
			containerPortal = 47C323F72C6E578300BE03C2 /* Project object */;
			proxyType = 1;
			remoteGlobalIDString = 47C3242F2C6E57D400BE03C2;
			remoteInfo = FCWidgetsExtension;
		};
		B9DF7F692C73B1000073D772 /* PBXContainerItemProxy */ = {
			isa = PBXContainerItemProxy;
			containerPortal = 47C323F72C6E578300BE03C2 /* Project object */;
			proxyType = 1;
			remoteGlobalIDString = B9DF7F592C73B0FD0073D772;
			remoteInfo = FartherWidgetExtension;
		};
/* End PBXContainerItemProxy section */

/* Begin PBXCopyFilesBuildPhase section */
		471FE9BC2C7F821500D20F4C /* Embed Foundation Extensions */ = {
			isa = PBXCopyFilesBuildPhase;
			buildActionMask = 2147483647;
			dstPath = "";
			dstSubfolderSpec = 13;
			files = (
				471FE9B82C7F821400D20F4C /* MoxieWidgetExtension.appex in Embed Foundation Extensions */,
			);
			name = "Embed Foundation Extensions";
			runOnlyForDeploymentPostprocessing = 0;
		};
		47C324482C6E57D500BE03C2 /* Embed Foundation Extensions */ = {
			isa = PBXCopyFilesBuildPhase;
			buildActionMask = 2147483647;
			dstPath = "";
			dstSubfolderSpec = 13;
			files = (
				47C324442C6E57D500BE03C2 /* FCWidgetsExtension.appex in Embed Foundation Extensions */,
				B9DF7F6B2C73B1000073D772 /* FartherWidgetExtension.appex in Embed Foundation Extensions */,
			);
			name = "Embed Foundation Extensions";
			runOnlyForDeploymentPostprocessing = 0;
		};
/* End PBXCopyFilesBuildPhase section */

/* Begin PBXFileReference section */
		471FE9402C74C10600D20F4C /* Provider.swift */ = {isa = PBXFileReference; lastKnownFileType = sourcecode.swift; path = Provider.swift; sourceTree = "<group>"; };
		471FE9452C764B8B00D20F4C /* FCard.swift */ = {isa = PBXFileReference; lastKnownFileType = sourcecode.swift; path = FCard.swift; sourceTree = "<group>"; };
		471FE9472C764FF600D20F4C /* LeaderboardView.swift */ = {isa = PBXFileReference; lastKnownFileType = sourcecode.swift; path = LeaderboardView.swift; sourceTree = "<group>"; };
		471FE9492C7749C400D20F4C /* GenericTipView.swift */ = {isa = PBXFileReference; lastKnownFileType = sourcecode.swift; path = GenericTipView.swift; sourceTree = "<group>"; };
		471FE94D2C77546500D20F4C /* NerkoOne-Regular.ttf */ = {isa = PBXFileReference; lastKnownFileType = file; path = "NerkoOne-Regular.ttf"; sourceTree = "<group>"; };
		471FE9512C77586D00D20F4C /* Info.plist */ = {isa = PBXFileReference; lastKnownFileType = text.plist; path = Info.plist; sourceTree = "<group>"; };
		471FE9522C7CEC4300D20F4C /* ToDelete.swift */ = {isa = PBXFileReference; lastKnownFileType = sourcecode.swift; path = ToDelete.swift; sourceTree = "<group>"; };
		471FE95C2C7E59A500D20F4C /* MoxieWidgetSimpleBundle.swift */ = {isa = PBXFileReference; lastKnownFileType = sourcecode.swift; path = MoxieWidgetSimpleBundle.swift; sourceTree = "<group>"; };
		471FE95E2C7E59A500D20F4C /* MoxieWidgetSimpleLiveActivity.swift */ = {isa = PBXFileReference; lastKnownFileType = sourcecode.swift; path = MoxieWidgetSimpleLiveActivity.swift; sourceTree = "<group>"; };
		471FE9602C7E59A500D20F4C /* MoxieWidgetSimple.swift */ = {isa = PBXFileReference; lastKnownFileType = sourcecode.swift; path = MoxieWidgetSimple.swift; sourceTree = "<group>"; };
		471FE9622C7E59A500D20F4C /* AppIntent.swift */ = {isa = PBXFileReference; lastKnownFileType = sourcecode.swift; name = AppIntent.swift; path = MoxieWidgetSimple/AppIntent.swift; sourceTree = SOURCE_ROOT; };
		471FE9642C7E59A600D20F4C /* Assets.xcassets */ = {isa = PBXFileReference; lastKnownFileType = folder.assetcatalog; name = Assets.xcassets; path = MoxieWidgetSimple/Assets.xcassets; sourceTree = SOURCE_ROOT; };
		471FE9732C7F808C00D20F4C /* Moxito.app */ = {isa = PBXFileReference; explicitFileType = wrapper.application; includeInIndex = 0; path = Moxito.app; sourceTree = BUILT_PRODUCTS_DIR; };
		471FE9752C7F808C00D20F4C /* MoxieTrackerApp.swift */ = {isa = PBXFileReference; lastKnownFileType = sourcecode.swift; path = MoxieTrackerApp.swift; sourceTree = "<group>"; };
		471FE9772C7F808C00D20F4C /* ContentView.swift */ = {isa = PBXFileReference; lastKnownFileType = sourcecode.swift; path = ContentView.swift; sourceTree = "<group>"; };
		471FE9792C7F808D00D20F4C /* Assets.xcassets */ = {isa = PBXFileReference; lastKnownFileType = folder.assetcatalog; path = Assets.xcassets; sourceTree = "<group>"; };
		471FE97C2C7F808D00D20F4C /* Preview Assets.xcassets */ = {isa = PBXFileReference; lastKnownFileType = folder.assetcatalog; path = "Preview Assets.xcassets"; sourceTree = "<group>"; };
		471FE9822C7F808D00D20F4C /* MoxieTrackerTests.xctest */ = {isa = PBXFileReference; explicitFileType = wrapper.cfbundle; includeInIndex = 0; path = MoxieTrackerTests.xctest; sourceTree = BUILT_PRODUCTS_DIR; };
		471FE9862C7F808D00D20F4C /* MoxieTrackerTests.swift */ = {isa = PBXFileReference; lastKnownFileType = sourcecode.swift; path = MoxieTrackerTests.swift; sourceTree = "<group>"; };
		471FE98C2C7F808D00D20F4C /* MoxieTrackerUITests.xctest */ = {isa = PBXFileReference; explicitFileType = wrapper.cfbundle; includeInIndex = 0; path = MoxieTrackerUITests.xctest; sourceTree = BUILT_PRODUCTS_DIR; };
		471FE9902C7F808D00D20F4C /* MoxieTrackerUITests.swift */ = {isa = PBXFileReference; lastKnownFileType = sourcecode.swift; path = MoxieTrackerUITests.swift; sourceTree = "<group>"; };
		471FE9922C7F808D00D20F4C /* MoxieTrackerUITestsLaunchTests.swift */ = {isa = PBXFileReference; lastKnownFileType = sourcecode.swift; path = MoxieTrackerUITestsLaunchTests.swift; sourceTree = "<group>"; };
		471FE9A72C7F821400D20F4C /* MoxieWidgetExtension.appex */ = {isa = PBXFileReference; explicitFileType = "wrapper.app-extension"; includeInIndex = 0; path = MoxieWidgetExtension.appex; sourceTree = BUILT_PRODUCTS_DIR; };
		471FE9C22C7F829C00D20F4C /* Info.plist */ = {isa = PBXFileReference; fileEncoding = 4; lastKnownFileType = text.plist.xml; path = Info.plist; sourceTree = "<group>"; };
		47C323FF2C6E578300BE03C2 /* fc-poc-wf.app */ = {isa = PBXFileReference; explicitFileType = wrapper.application; includeInIndex = 0; path = "fc-poc-wf.app"; sourceTree = BUILT_PRODUCTS_DIR; };
		47C324022C6E578300BE03C2 /* fc_poc_wfApp.swift */ = {isa = PBXFileReference; lastKnownFileType = sourcecode.swift; path = fc_poc_wfApp.swift; sourceTree = "<group>"; };
		47C324042C6E578300BE03C2 /* ContentView.swift */ = {isa = PBXFileReference; lastKnownFileType = sourcecode.swift; path = ContentView.swift; sourceTree = "<group>"; };
		47C324062C6E578400BE03C2 /* Assets.xcassets */ = {isa = PBXFileReference; lastKnownFileType = folder.assetcatalog; path = Assets.xcassets; sourceTree = "<group>"; };
		47C324092C6E578400BE03C2 /* Preview Assets.xcassets */ = {isa = PBXFileReference; lastKnownFileType = folder.assetcatalog; path = "Preview Assets.xcassets"; sourceTree = "<group>"; };
		47C3240F2C6E578400BE03C2 /* fc-poc-wfTests.xctest */ = {isa = PBXFileReference; explicitFileType = wrapper.cfbundle; includeInIndex = 0; path = "fc-poc-wfTests.xctest"; sourceTree = BUILT_PRODUCTS_DIR; };
		47C324132C6E578400BE03C2 /* fc_poc_wfTests.swift */ = {isa = PBXFileReference; lastKnownFileType = sourcecode.swift; path = fc_poc_wfTests.swift; sourceTree = "<group>"; };
		47C324192C6E578400BE03C2 /* fc-poc-wfUITests.xctest */ = {isa = PBXFileReference; explicitFileType = wrapper.cfbundle; includeInIndex = 0; path = "fc-poc-wfUITests.xctest"; sourceTree = BUILT_PRODUCTS_DIR; };
		47C3241D2C6E578400BE03C2 /* fc_poc_wfUITests.swift */ = {isa = PBXFileReference; lastKnownFileType = sourcecode.swift; path = fc_poc_wfUITests.swift; sourceTree = "<group>"; };
		47C3241F2C6E578400BE03C2 /* fc_poc_wfUITestsLaunchTests.swift */ = {isa = PBXFileReference; lastKnownFileType = sourcecode.swift; path = fc_poc_wfUITestsLaunchTests.swift; sourceTree = "<group>"; };
		47C324302C6E57D400BE03C2 /* FCWidgetsExtension.appex */ = {isa = PBXFileReference; explicitFileType = "wrapper.app-extension"; includeInIndex = 0; path = FCWidgetsExtension.appex; sourceTree = BUILT_PRODUCTS_DIR; };
		47C324322C6E57D400BE03C2 /* WidgetKit.framework */ = {isa = PBXFileReference; lastKnownFileType = wrapper.framework; name = WidgetKit.framework; path = System/Library/Frameworks/WidgetKit.framework; sourceTree = SDKROOT; };
		47C324342C6E57D500BE03C2 /* SwiftUI.framework */ = {isa = PBXFileReference; lastKnownFileType = wrapper.framework; name = SwiftUI.framework; path = System/Library/Frameworks/SwiftUI.framework; sourceTree = SDKROOT; };
		47C324372C6E57D500BE03C2 /* FCWidgetsBundle.swift */ = {isa = PBXFileReference; lastKnownFileType = sourcecode.swift; path = FCWidgetsBundle.swift; sourceTree = "<group>"; };
		47C324392C6E57D500BE03C2 /* FCWidgetsLiveActivity.swift */ = {isa = PBXFileReference; lastKnownFileType = sourcecode.swift; path = FCWidgetsLiveActivity.swift; sourceTree = "<group>"; };
		47C3243B2C6E57D500BE03C2 /* FCWidgets.swift */ = {isa = PBXFileReference; lastKnownFileType = sourcecode.swift; path = FCWidgets.swift; sourceTree = "<group>"; };
		47C3243D2C6E57D500BE03C2 /* AppIntent.swift */ = {isa = PBXFileReference; lastKnownFileType = sourcecode.swift; path = AppIntent.swift; sourceTree = "<group>"; };
		47C3243F2C6E57D500BE03C2 /* Assets.xcassets */ = {isa = PBXFileReference; lastKnownFileType = folder.assetcatalog; path = Assets.xcassets; sourceTree = "<group>"; };
		47C324412C6E57D500BE03C2 /* Info.plist */ = {isa = PBXFileReference; lastKnownFileType = text.plist.xml; path = Info.plist; sourceTree = "<group>"; };
		47EC54652C822950006C2820 /* HomeView.swift */ = {isa = PBXFileReference; lastKnownFileType = sourcecode.swift; path = HomeView.swift; sourceTree = "<group>"; };
		47EC54672C8229B2006C2820 /* SettingsView.swift */ = {isa = PBXFileReference; lastKnownFileType = sourcecode.swift; path = SettingsView.swift; sourceTree = "<group>"; };
		47EC54692C8229F4006C2820 /* MoxieViewModel.swift */ = {isa = PBXFileReference; lastKnownFileType = sourcecode.swift; path = MoxieViewModel.swift; sourceTree = "<group>"; };
		47EC546B2C822A25006C2820 /* ScheduleNotificationView.swift */ = {isa = PBXFileReference; lastKnownFileType = sourcecode.swift; path = ScheduleNotificationView.swift; sourceTree = "<group>"; };
		47EC546D2C822A69006C2820 /* CardView.swift */ = {isa = PBXFileReference; lastKnownFileType = sourcecode.swift; path = CardView.swift; sourceTree = "<group>"; };
		47EC546F2C822AC4006C2820 /* ProfileCardView.swift */ = {isa = PBXFileReference; lastKnownFileType = sourcecode.swift; path = ProfileCardView.swift; sourceTree = "<group>"; };
		47EC54732C822DA5006C2820 /* ErrorView.swift */ = {isa = PBXFileReference; lastKnownFileType = sourcecode.swift; path = ErrorView.swift; sourceTree = "<group>"; };
		47EC54752C8479D2006C2820 /* Moxito-Info.plist */ = {isa = PBXFileReference; lastKnownFileType = text.plist; path = "Moxito-Info.plist"; sourceTree = "<group>"; };
		47EC54762C84DF3A006C2820 /* SearchListView.swift */ = {isa = PBXFileReference; lastKnownFileType = sourcecode.swift; path = SearchListView.swift; sourceTree = "<group>"; };
		47EC54782C87143E006C2820 /* AppDelegate.swift */ = {isa = PBXFileReference; lastKnownFileType = sourcecode.swift; path = AppDelegate.swift; sourceTree = "<group>"; };
		47EC547A2C87164E006C2820 /* BackgroundTasks.swift */ = {isa = PBXFileReference; lastKnownFileType = sourcecode.swift; path = BackgroundTasks.swift; sourceTree = "<group>"; };
		47EC547C2C88324E006C2820 /* Haptics.swift */ = {isa = PBXFileReference; lastKnownFileType = sourcecode.swift; path = Haptics.swift; sourceTree = "<group>"; };
		47EC547E2C8B0121006C2820 /* MoxieWidgetExtension.entitlements */ = {isa = PBXFileReference; lastKnownFileType = text.plist.entitlements; path = MoxieWidgetExtension.entitlements; sourceTree = "<group>"; };
		47EC547F2C8B019F006C2820 /* Moxito.entitlements */ = {isa = PBXFileReference; lastKnownFileType = text.plist.entitlements; path = Moxito.entitlements; sourceTree = "<group>"; };
		47EC54802C8B0CC9006C2820 /* UserDefaults+Extension.swift */ = {isa = PBXFileReference; lastKnownFileType = sourcecode.swift; path = "UserDefaults+Extension.swift"; sourceTree = "<group>"; };
		47EC54822C8CC4F6006C2820 /* AccountView.swift */ = {isa = PBXFileReference; lastKnownFileType = sourcecode.swift; path = AccountView.swift; sourceTree = "<group>"; };
		47EC54872C8F0582006C2820 /* Launch Screen.storyboard */ = {isa = PBXFileReference; lastKnownFileType = file.storyboard; path = "Launch Screen.storyboard"; sourceTree = "<group>"; };
		47EC54892C8F22FA006C2820 /* OnboardingView.swift */ = {isa = PBXFileReference; lastKnownFileType = sourcecode.swift; path = OnboardingView.swift; sourceTree = "<group>"; };
		B9DF7F5A2C73B0FD0073D772 /* FartherWidgetExtension.appex */ = {isa = PBXFileReference; explicitFileType = "wrapper.app-extension"; includeInIndex = 0; path = FartherWidgetExtension.appex; sourceTree = BUILT_PRODUCTS_DIR; };
		B9DF7F5E2C73B0FD0073D772 /* FartherWidgetBundle.swift */ = {isa = PBXFileReference; lastKnownFileType = sourcecode.swift; path = FartherWidgetBundle.swift; sourceTree = "<group>"; };
		B9DF7F602C73B0FD0073D772 /* FartherWidgetLiveActivity.swift */ = {isa = PBXFileReference; lastKnownFileType = sourcecode.swift; path = FartherWidgetLiveActivity.swift; sourceTree = "<group>"; };
		B9DF7F622C73B0FD0073D772 /* FartherWidget.swift */ = {isa = PBXFileReference; lastKnownFileType = sourcecode.swift; path = FartherWidget.swift; sourceTree = "<group>"; };
		B9DF7F642C73B0FD0073D772 /* AppIntent.swift */ = {isa = PBXFileReference; lastKnownFileType = sourcecode.swift; path = AppIntent.swift; sourceTree = "<group>"; };
		B9DF7F662C73B1000073D772 /* Assets.xcassets */ = {isa = PBXFileReference; lastKnownFileType = folder.assetcatalog; path = Assets.xcassets; sourceTree = "<group>"; };
		B9DF7F682C73B1000073D772 /* Info.plist */ = {isa = PBXFileReference; lastKnownFileType = text.plist.xml; path = Info.plist; sourceTree = "<group>"; };
		B9DF7F712C73C5E90073D772 /* WaterView.swift */ = {isa = PBXFileReference; lastKnownFileType = sourcecode.swift; path = WaterView.swift; sourceTree = "<group>"; };
/* End PBXFileReference section */

/* Begin PBXFrameworksBuildPhase section */
		471FE9702C7F808C00D20F4C /* Frameworks */ = {
			isa = PBXFrameworksBuildPhase;
			buildActionMask = 2147483647;
			files = (
				47EC54862C8E04AE006C2820 /* ConfettiSwiftUI in Frameworks */,
				47EC54642C808080006C2820 /* MoxieLib in Frameworks */,
			);
			runOnlyForDeploymentPostprocessing = 0;
		};
		471FE97F2C7F808D00D20F4C /* Frameworks */ = {
			isa = PBXFrameworksBuildPhase;
			buildActionMask = 2147483647;
			files = (
			);
			runOnlyForDeploymentPostprocessing = 0;
		};
		471FE9892C7F808D00D20F4C /* Frameworks */ = {
			isa = PBXFrameworksBuildPhase;
			buildActionMask = 2147483647;
			files = (
				471FE99E2C7F809600D20F4C /* MoxieLib in Frameworks */,
			);
			runOnlyForDeploymentPostprocessing = 0;
		};
		471FE9A42C7F821400D20F4C /* Frameworks */ = {
			isa = PBXFrameworksBuildPhase;
			buildActionMask = 2147483647;
			files = (
				471FE9A92C7F821400D20F4C /* SwiftUI.framework in Frameworks */,
				471FE9C52C7F82E400D20F4C /* MoxieLib in Frameworks */,
				471FE9A82C7F821400D20F4C /* WidgetKit.framework in Frameworks */,
			);
			runOnlyForDeploymentPostprocessing = 0;
		};
		47C323FC2C6E578300BE03C2 /* Frameworks */ = {
			isa = PBXFrameworksBuildPhase;
			buildActionMask = 2147483647;
			files = (
				471FE9442C75090500D20F4C /* TipLibs in Frameworks */,
			);
			runOnlyForDeploymentPostprocessing = 0;
		};
		47C3240C2C6E578400BE03C2 /* Frameworks */ = {
			isa = PBXFrameworksBuildPhase;
			buildActionMask = 2147483647;
			files = (
			);
			runOnlyForDeploymentPostprocessing = 0;
		};
		47C324162C6E578400BE03C2 /* Frameworks */ = {
			isa = PBXFrameworksBuildPhase;
			buildActionMask = 2147483647;
			files = (
			);
			runOnlyForDeploymentPostprocessing = 0;
		};
		47C3242D2C6E57D400BE03C2 /* Frameworks */ = {
			isa = PBXFrameworksBuildPhase;
			buildActionMask = 2147483647;
			files = (
				47C324352C6E57D500BE03C2 /* SwiftUI.framework in Frameworks */,
				47C324332C6E57D500BE03C2 /* WidgetKit.framework in Frameworks */,
				B9DF7F542C73611B0073D772 /* OpenGraph in Frameworks */,
			);
			runOnlyForDeploymentPostprocessing = 0;
		};
		B9DF7F572C73B0FD0073D772 /* Frameworks */ = {
			isa = PBXFrameworksBuildPhase;
			buildActionMask = 2147483647;
			files = (
				B983C1032C74BC3E009B8893 /* TipLibs in Frameworks */,
				B9DF7F5C2C73B0FD0073D772 /* SwiftUI.framework in Frameworks */,
				B9DF7F5B2C73B0FD0073D772 /* WidgetKit.framework in Frameworks */,
			);
			runOnlyForDeploymentPostprocessing = 0;
		};
/* End PBXFrameworksBuildPhase section */

/* Begin PBXGroup section */
		471FE9742C7F808C00D20F4C /* MoxieTracker */ = {
			isa = PBXGroup;
			children = (
				47EC54782C87143E006C2820 /* AppDelegate.swift */,
				47EC547C2C88324E006C2820 /* Haptics.swift */,
				47EC547A2C87164E006C2820 /* BackgroundTasks.swift */,
				47EC546D2C822A69006C2820 /* CardView.swift */,
				47EC54802C8B0CC9006C2820 /* UserDefaults+Extension.swift */,
				47EC54892C8F22FA006C2820 /* OnboardingView.swift */,
				471FE9772C7F808C00D20F4C /* ContentView.swift */,
				471FE9752C7F808C00D20F4C /* MoxieTrackerApp.swift */,
				47EC54822C8CC4F6006C2820 /* AccountView.swift */,
				47EC54692C8229F4006C2820 /* MoxieViewModel.swift */,
				47EC546F2C822AC4006C2820 /* ProfileCardView.swift */,
				47EC54762C84DF3A006C2820 /* SearchListView.swift */,
				471FE9792C7F808D00D20F4C /* Assets.xcassets */,
				47EC54712C822B23006C2820 /* Home */,
				471FE97B2C7F808D00D20F4C /* Preview Content */,
				47EC54722C822B2D006C2820 /* Settings */,
				47EC54872C8F0582006C2820 /* Launch Screen.storyboard */,
			);
			path = MoxieTracker;
			sourceTree = "<group>";
		};
		471FE97B2C7F808D00D20F4C /* Preview Content */ = {
			isa = PBXGroup;
			children = (
				471FE97C2C7F808D00D20F4C /* Preview Assets.xcassets */,
			);
			path = "Preview Content";
			sourceTree = "<group>";
		};
		471FE9852C7F808D00D20F4C /* MoxieTrackerTests */ = {
			isa = PBXGroup;
			children = (
				471FE9862C7F808D00D20F4C /* MoxieTrackerTests.swift */,
			);
			path = MoxieTrackerTests;
			sourceTree = "<group>";
		};
		471FE98F2C7F808D00D20F4C /* MoxieTrackerUITests */ = {
			isa = PBXGroup;
			children = (
				471FE9902C7F808D00D20F4C /* MoxieTrackerUITests.swift */,
				471FE9922C7F808D00D20F4C /* MoxieTrackerUITestsLaunchTests.swift */,
			);
			path = MoxieTrackerUITests;
			sourceTree = "<group>";
		};
		471FE9AA2C7F821400D20F4C /* MoxieWidget */ = {
			isa = PBXGroup;
			children = (
				471FE95C2C7E59A500D20F4C /* MoxieWidgetSimpleBundle.swift */,
				471FE95E2C7E59A500D20F4C /* MoxieWidgetSimpleLiveActivity.swift */,
				471FE9602C7E59A500D20F4C /* MoxieWidgetSimple.swift */,
				471FE9622C7E59A500D20F4C /* AppIntent.swift */,
				471FE9642C7E59A600D20F4C /* Assets.xcassets */,
				471FE9C22C7F829C00D20F4C /* Info.plist */,
			);
			path = MoxieWidget;
			sourceTree = "<group>";
		};
		47C323F62C6E578300BE03C2 = {
			isa = PBXGroup;
			children = (
				47EC547F2C8B019F006C2820 /* Moxito.entitlements */,
				47EC547E2C8B0121006C2820 /* MoxieWidgetExtension.entitlements */,
				47EC54752C8479D2006C2820 /* Moxito-Info.plist */,
				47C324012C6E578300BE03C2 /* fc-poc-wf */,
				47C324122C6E578400BE03C2 /* fc-poc-wfTests */,
				47C3241C2C6E578400BE03C2 /* fc-poc-wfUITests */,
				47C324362C6E57D500BE03C2 /* FCWidgets */,
				B9DF7F5D2C73B0FD0073D772 /* FartherWidget */,
				471FE9742C7F808C00D20F4C /* MoxieTracker */,
				471FE9852C7F808D00D20F4C /* MoxieTrackerTests */,
				471FE98F2C7F808D00D20F4C /* MoxieTrackerUITests */,
				471FE9AA2C7F821400D20F4C /* MoxieWidget */,
				47C324312C6E57D400BE03C2 /* Frameworks */,
				47C324002C6E578300BE03C2 /* Products */,
			);
			sourceTree = "<group>";
		};
		47C324002C6E578300BE03C2 /* Products */ = {
			isa = PBXGroup;
			children = (
				47C323FF2C6E578300BE03C2 /* fc-poc-wf.app */,
				47C3240F2C6E578400BE03C2 /* fc-poc-wfTests.xctest */,
				47C324192C6E578400BE03C2 /* fc-poc-wfUITests.xctest */,
				47C324302C6E57D400BE03C2 /* FCWidgetsExtension.appex */,
				B9DF7F5A2C73B0FD0073D772 /* FartherWidgetExtension.appex */,
				471FE9732C7F808C00D20F4C /* Moxito.app */,
				471FE9822C7F808D00D20F4C /* MoxieTrackerTests.xctest */,
				471FE98C2C7F808D00D20F4C /* MoxieTrackerUITests.xctest */,
				471FE9A72C7F821400D20F4C /* MoxieWidgetExtension.appex */,
			);
			name = Products;
			sourceTree = "<group>";
		};
		47C324012C6E578300BE03C2 /* fc-poc-wf */ = {
			isa = PBXGroup;
			children = (
				471FE9512C77586D00D20F4C /* Info.plist */,
				471FE94D2C77546500D20F4C /* NerkoOne-Regular.ttf */,
				47C324022C6E578300BE03C2 /* fc_poc_wfApp.swift */,
				47C324042C6E578300BE03C2 /* ContentView.swift */,
				471FE9492C7749C400D20F4C /* GenericTipView.swift */,
				471FE9472C764FF600D20F4C /* LeaderboardView.swift */,
				471FE9452C764B8B00D20F4C /* FCard.swift */,
				B9DF7F712C73C5E90073D772 /* WaterView.swift */,
				47C324062C6E578400BE03C2 /* Assets.xcassets */,
				47C324082C6E578400BE03C2 /* Preview Content */,
				471FE9522C7CEC4300D20F4C /* ToDelete.swift */,
			);
			path = "fc-poc-wf";
			sourceTree = "<group>";
		};
		47C324082C6E578400BE03C2 /* Preview Content */ = {
			isa = PBXGroup;
			children = (
				47C324092C6E578400BE03C2 /* Preview Assets.xcassets */,
			);
			path = "Preview Content";
			sourceTree = "<group>";
		};
		47C324122C6E578400BE03C2 /* fc-poc-wfTests */ = {
			isa = PBXGroup;
			children = (
				47C324132C6E578400BE03C2 /* fc_poc_wfTests.swift */,
			);
			path = "fc-poc-wfTests";
			sourceTree = "<group>";
		};
		47C3241C2C6E578400BE03C2 /* fc-poc-wfUITests */ = {
			isa = PBXGroup;
			children = (
				47C3241D2C6E578400BE03C2 /* fc_poc_wfUITests.swift */,
				47C3241F2C6E578400BE03C2 /* fc_poc_wfUITestsLaunchTests.swift */,
			);
			path = "fc-poc-wfUITests";
			sourceTree = "<group>";
		};
		47C324312C6E57D400BE03C2 /* Frameworks */ = {
			isa = PBXGroup;
			children = (
				47C324322C6E57D400BE03C2 /* WidgetKit.framework */,
				47C324342C6E57D500BE03C2 /* SwiftUI.framework */,
			);
			name = Frameworks;
			sourceTree = "<group>";
		};
		47C324362C6E57D500BE03C2 /* FCWidgets */ = {
			isa = PBXGroup;
			children = (
				47C324372C6E57D500BE03C2 /* FCWidgetsBundle.swift */,
				47C324392C6E57D500BE03C2 /* FCWidgetsLiveActivity.swift */,
				47C3243B2C6E57D500BE03C2 /* FCWidgets.swift */,
				47C3243D2C6E57D500BE03C2 /* AppIntent.swift */,
				47C3243F2C6E57D500BE03C2 /* Assets.xcassets */,
				47C324412C6E57D500BE03C2 /* Info.plist */,
			);
			path = FCWidgets;
			sourceTree = "<group>";
		};
		47EC54712C822B23006C2820 /* Home */ = {
			isa = PBXGroup;
			children = (
				47EC54652C822950006C2820 /* HomeView.swift */,
				47EC54732C822DA5006C2820 /* ErrorView.swift */,
			);
			path = Home;
			sourceTree = "<group>";
		};
		47EC54722C822B2D006C2820 /* Settings */ = {
			isa = PBXGroup;
			children = (
				47EC546B2C822A25006C2820 /* ScheduleNotificationView.swift */,
				47EC54672C8229B2006C2820 /* SettingsView.swift */,
			);
			path = Settings;
			sourceTree = "<group>";
		};
		B9DF7F5D2C73B0FD0073D772 /* FartherWidget */ = {
			isa = PBXGroup;
			children = (
				B9DF7F5E2C73B0FD0073D772 /* FartherWidgetBundle.swift */,
				B9DF7F602C73B0FD0073D772 /* FartherWidgetLiveActivity.swift */,
				B9DF7F622C73B0FD0073D772 /* FartherWidget.swift */,
				471FE9402C74C10600D20F4C /* Provider.swift */,
				B9DF7F642C73B0FD0073D772 /* AppIntent.swift */,
				B9DF7F662C73B1000073D772 /* Assets.xcassets */,
				B9DF7F682C73B1000073D772 /* Info.plist */,
			);
			path = FartherWidget;
			sourceTree = "<group>";
		};
/* End PBXGroup section */

/* Begin PBXNativeTarget section */
		471FE9722C7F808C00D20F4C /* Moxito */ = {
			isa = PBXNativeTarget;
			buildConfigurationList = 471FE9942C7F808D00D20F4C /* Build configuration list for PBXNativeTarget "Moxito" */;
			buildPhases = (
				471FE96F2C7F808C00D20F4C /* Sources */,
				471FE9702C7F808C00D20F4C /* Frameworks */,
				471FE9712C7F808C00D20F4C /* Resources */,
				471FE9BC2C7F821500D20F4C /* Embed Foundation Extensions */,
			);
			buildRules = (
			);
			dependencies = (
				471FE9B72C7F821400D20F4C /* PBXTargetDependency */,
			);
			name = Moxito;
			packageProductDependencies = (
				47EC54632C808080006C2820 /* MoxieLib */,
				47EC54852C8E04AE006C2820 /* ConfettiSwiftUI */,
			);
			productName = MoxieTracker;
			productReference = 471FE9732C7F808C00D20F4C /* Moxito.app */;
			productType = "com.apple.product-type.application";
		};
		471FE9812C7F808D00D20F4C /* MoxieTrackerTests */ = {
			isa = PBXNativeTarget;
			buildConfigurationList = 471FE9972C7F808D00D20F4C /* Build configuration list for PBXNativeTarget "MoxieTrackerTests" */;
			buildPhases = (
				471FE97E2C7F808D00D20F4C /* Sources */,
				471FE97F2C7F808D00D20F4C /* Frameworks */,
				471FE9802C7F808D00D20F4C /* Resources */,
			);
			buildRules = (
			);
			dependencies = (
				471FE9842C7F808D00D20F4C /* PBXTargetDependency */,
			);
			name = MoxieTrackerTests;
			productName = MoxieTrackerTests;
			productReference = 471FE9822C7F808D00D20F4C /* MoxieTrackerTests.xctest */;
			productType = "com.apple.product-type.bundle.unit-test";
		};
		471FE98B2C7F808D00D20F4C /* MoxieTrackerUITests */ = {
			isa = PBXNativeTarget;
			buildConfigurationList = 471FE99A2C7F808D00D20F4C /* Build configuration list for PBXNativeTarget "MoxieTrackerUITests" */;
			buildPhases = (
				471FE9882C7F808D00D20F4C /* Sources */,
				471FE9892C7F808D00D20F4C /* Frameworks */,
				471FE98A2C7F808D00D20F4C /* Resources */,
			);
			buildRules = (
			);
			dependencies = (
				471FE98E2C7F808D00D20F4C /* PBXTargetDependency */,
			);
			name = MoxieTrackerUITests;
			packageProductDependencies = (
				471FE99D2C7F809600D20F4C /* MoxieLib */,
			);
			productName = MoxieTrackerUITests;
			productReference = 471FE98C2C7F808D00D20F4C /* MoxieTrackerUITests.xctest */;
			productType = "com.apple.product-type.bundle.ui-testing";
		};
		471FE9A62C7F821400D20F4C /* MoxieWidgetExtension */ = {
			isa = PBXNativeTarget;
			buildConfigurationList = 471FE9B92C7F821500D20F4C /* Build configuration list for PBXNativeTarget "MoxieWidgetExtension" */;
			buildPhases = (
				471FE9A32C7F821400D20F4C /* Sources */,
				471FE9A42C7F821400D20F4C /* Frameworks */,
				471FE9A52C7F821400D20F4C /* Resources */,
			);
			buildRules = (
			);
			dependencies = (
			);
			name = MoxieWidgetExtension;
			packageProductDependencies = (
				471FE9C42C7F82E400D20F4C /* MoxieLib */,
			);
			productName = MoxieWidgetExtension;
			productReference = 471FE9A72C7F821400D20F4C /* MoxieWidgetExtension.appex */;
			productType = "com.apple.product-type.app-extension";
		};
		47C323FE2C6E578300BE03C2 /* fc-poc-wf */ = {
			isa = PBXNativeTarget;
			buildConfigurationList = 47C324232C6E578400BE03C2 /* Build configuration list for PBXNativeTarget "fc-poc-wf" */;
			buildPhases = (
				47C323FB2C6E578300BE03C2 /* Sources */,
				47C323FC2C6E578300BE03C2 /* Frameworks */,
				47C323FD2C6E578300BE03C2 /* Resources */,
				47C324482C6E57D500BE03C2 /* Embed Foundation Extensions */,
			);
			buildRules = (
			);
			dependencies = (
				47C324432C6E57D500BE03C2 /* PBXTargetDependency */,
				B9DF7F6A2C73B1000073D772 /* PBXTargetDependency */,
			);
			name = "fc-poc-wf";
			packageProductDependencies = (
				471FE9432C75090500D20F4C /* TipLibs */,
			);
			productName = "fc-poc-wf";
			productReference = 47C323FF2C6E578300BE03C2 /* fc-poc-wf.app */;
			productType = "com.apple.product-type.application";
		};
		47C3240E2C6E578400BE03C2 /* fc-poc-wfTests */ = {
			isa = PBXNativeTarget;
			buildConfigurationList = 47C324262C6E578400BE03C2 /* Build configuration list for PBXNativeTarget "fc-poc-wfTests" */;
			buildPhases = (
				47C3240B2C6E578400BE03C2 /* Sources */,
				47C3240C2C6E578400BE03C2 /* Frameworks */,
				47C3240D2C6E578400BE03C2 /* Resources */,
			);
			buildRules = (
			);
			dependencies = (
				47C324112C6E578400BE03C2 /* PBXTargetDependency */,
			);
			name = "fc-poc-wfTests";
			productName = "fc-poc-wfTests";
			productReference = 47C3240F2C6E578400BE03C2 /* fc-poc-wfTests.xctest */;
			productType = "com.apple.product-type.bundle.unit-test";
		};
		47C324182C6E578400BE03C2 /* fc-poc-wfUITests */ = {
			isa = PBXNativeTarget;
			buildConfigurationList = 47C324292C6E578400BE03C2 /* Build configuration list for PBXNativeTarget "fc-poc-wfUITests" */;
			buildPhases = (
				47C324152C6E578400BE03C2 /* Sources */,
				47C324162C6E578400BE03C2 /* Frameworks */,
				47C324172C6E578400BE03C2 /* Resources */,
			);
			buildRules = (
			);
			dependencies = (
				47C3241B2C6E578400BE03C2 /* PBXTargetDependency */,
			);
			name = "fc-poc-wfUITests";
			productName = "fc-poc-wfUITests";
			productReference = 47C324192C6E578400BE03C2 /* fc-poc-wfUITests.xctest */;
			productType = "com.apple.product-type.bundle.ui-testing";
		};
		47C3242F2C6E57D400BE03C2 /* FCWidgetsExtension */ = {
			isa = PBXNativeTarget;
			buildConfigurationList = 47C324452C6E57D500BE03C2 /* Build configuration list for PBXNativeTarget "FCWidgetsExtension" */;
			buildPhases = (
				47C3242C2C6E57D400BE03C2 /* Sources */,
				47C3242D2C6E57D400BE03C2 /* Frameworks */,
				47C3242E2C6E57D400BE03C2 /* Resources */,
			);
			buildRules = (
			);
			dependencies = (
			);
			name = FCWidgetsExtension;
			packageProductDependencies = (
				B9DF7F532C73611B0073D772 /* OpenGraph */,
			);
			productName = FCWidgetsExtension;
			productReference = 47C324302C6E57D400BE03C2 /* FCWidgetsExtension.appex */;
			productType = "com.apple.product-type.app-extension";
		};
		B9DF7F592C73B0FD0073D772 /* FartherWidgetExtension */ = {
			isa = PBXNativeTarget;
			buildConfigurationList = B9DF7F6C2C73B1000073D772 /* Build configuration list for PBXNativeTarget "FartherWidgetExtension" */;
			buildPhases = (
				B9DF7F562C73B0FD0073D772 /* Sources */,
				B9DF7F572C73B0FD0073D772 /* Frameworks */,
				B9DF7F582C73B0FD0073D772 /* Resources */,
			);
			buildRules = (
			);
			dependencies = (
			);
			name = FartherWidgetExtension;
			packageProductDependencies = (
				B983C1022C74BC3E009B8893 /* TipLibs */,
			);
			productName = FartherWidgetExtension;
			productReference = B9DF7F5A2C73B0FD0073D772 /* FartherWidgetExtension.appex */;
			productType = "com.apple.product-type.app-extension";
		};
/* End PBXNativeTarget section */

/* Begin PBXProject section */
		47C323F72C6E578300BE03C2 /* Project object */ = {
			isa = PBXProject;
			attributes = {
				BuildIndependentTargetsInParallel = 1;
				LastSwiftUpdateCheck = 1510;
				LastUpgradeCheck = 1510;
				TargetAttributes = {
					471FE9722C7F808C00D20F4C = {
						CreatedOnToolsVersion = 15.1;
					};
					471FE9812C7F808D00D20F4C = {
						CreatedOnToolsVersion = 15.1;
						TestTargetID = 471FE9722C7F808C00D20F4C;
					};
					471FE98B2C7F808D00D20F4C = {
						CreatedOnToolsVersion = 15.1;
						TestTargetID = 471FE9722C7F808C00D20F4C;
					};
					471FE9A62C7F821400D20F4C = {
						CreatedOnToolsVersion = 15.1;
					};
					47C323FE2C6E578300BE03C2 = {
						CreatedOnToolsVersion = 15.1;
					};
					47C3240E2C6E578400BE03C2 = {
						CreatedOnToolsVersion = 15.1;
						TestTargetID = 47C323FE2C6E578300BE03C2;
					};
					47C324182C6E578400BE03C2 = {
						CreatedOnToolsVersion = 15.1;
						TestTargetID = 47C323FE2C6E578300BE03C2;
					};
					47C3242F2C6E57D400BE03C2 = {
						CreatedOnToolsVersion = 15.1;
					};
					B9DF7F592C73B0FD0073D772 = {
						CreatedOnToolsVersion = 15.0.1;
					};
				};
			};
			buildConfigurationList = 47C323FA2C6E578300BE03C2 /* Build configuration list for PBXProject "fc-poc-wf" */;
			compatibilityVersion = "Xcode 14.0";
			developmentRegion = en;
			hasScannedForEncodings = 0;
			knownRegions = (
				en,
				Base,
			);
			mainGroup = 47C323F62C6E578300BE03C2;
			packageReferences = (
				B9DF7F522C73611B0073D772 /* XCRemoteSwiftPackageReference "OpenGraph" */,
				47EC54842C8E04AE006C2820 /* XCRemoteSwiftPackageReference "ConfettiSwiftUI" */,
			);
			productRefGroup = 47C324002C6E578300BE03C2 /* Products */;
			projectDirPath = "";
			projectRoot = "";
			targets = (
				47C323FE2C6E578300BE03C2 /* fc-poc-wf */,
				47C3240E2C6E578400BE03C2 /* fc-poc-wfTests */,
				47C324182C6E578400BE03C2 /* fc-poc-wfUITests */,
				47C3242F2C6E57D400BE03C2 /* FCWidgetsExtension */,
				B9DF7F592C73B0FD0073D772 /* FartherWidgetExtension */,
				471FE9722C7F808C00D20F4C /* Moxito */,
				471FE9812C7F808D00D20F4C /* MoxieTrackerTests */,
				471FE98B2C7F808D00D20F4C /* MoxieTrackerUITests */,
				471FE9A62C7F821400D20F4C /* MoxieWidgetExtension */,
			);
		};
/* End PBXProject section */

/* Begin PBXResourcesBuildPhase section */
		471FE9712C7F808C00D20F4C /* Resources */ = {
			isa = PBXResourcesBuildPhase;
			buildActionMask = 2147483647;
			files = (
				47EC54882C8F0582006C2820 /* Launch Screen.storyboard in Resources */,
				471FE97D2C7F808D00D20F4C /* Preview Assets.xcassets in Resources */,
				471FE97A2C7F808D00D20F4C /* Assets.xcassets in Resources */,
			);
			runOnlyForDeploymentPostprocessing = 0;
		};
		471FE9802C7F808D00D20F4C /* Resources */ = {
			isa = PBXResourcesBuildPhase;
			buildActionMask = 2147483647;
			files = (
			);
			runOnlyForDeploymentPostprocessing = 0;
		};
		471FE98A2C7F808D00D20F4C /* Resources */ = {
			isa = PBXResourcesBuildPhase;
			buildActionMask = 2147483647;
			files = (
			);
			runOnlyForDeploymentPostprocessing = 0;
		};
		471FE9A52C7F821400D20F4C /* Resources */ = {
			isa = PBXResourcesBuildPhase;
			buildActionMask = 2147483647;
			files = (
			);
			runOnlyForDeploymentPostprocessing = 0;
		};
		47C323FD2C6E578300BE03C2 /* Resources */ = {
			isa = PBXResourcesBuildPhase;
			buildActionMask = 2147483647;
			files = (
				47C3240A2C6E578400BE03C2 /* Preview Assets.xcassets in Resources */,
				471FE94E2C77546500D20F4C /* NerkoOne-Regular.ttf in Resources */,
				47C324072C6E578400BE03C2 /* Assets.xcassets in Resources */,
			);
			runOnlyForDeploymentPostprocessing = 0;
		};
		47C3240D2C6E578400BE03C2 /* Resources */ = {
			isa = PBXResourcesBuildPhase;
			buildActionMask = 2147483647;
			files = (
			);
			runOnlyForDeploymentPostprocessing = 0;
		};
		47C324172C6E578400BE03C2 /* Resources */ = {
			isa = PBXResourcesBuildPhase;
			buildActionMask = 2147483647;
			files = (
			);
			runOnlyForDeploymentPostprocessing = 0;
		};
		47C3242E2C6E57D400BE03C2 /* Resources */ = {
			isa = PBXResourcesBuildPhase;
			buildActionMask = 2147483647;
			files = (
				47C324402C6E57D500BE03C2 /* Assets.xcassets in Resources */,
			);
			runOnlyForDeploymentPostprocessing = 0;
		};
		B9DF7F582C73B0FD0073D772 /* Resources */ = {
			isa = PBXResourcesBuildPhase;
			buildActionMask = 2147483647;
			files = (
				B9DF7F672C73B1000073D772 /* Assets.xcassets in Resources */,
			);
			runOnlyForDeploymentPostprocessing = 0;
		};
/* End PBXResourcesBuildPhase section */

/* Begin PBXSourcesBuildPhase section */
		471FE96F2C7F808C00D20F4C /* Sources */ = {
			isa = PBXSourcesBuildPhase;
			buildActionMask = 2147483647;
			files = (
				47EC54792C87143E006C2820 /* AppDelegate.swift in Sources */,
				47EC546E2C822A69006C2820 /* CardView.swift in Sources */,
				47EC546A2C8229F4006C2820 /* MoxieViewModel.swift in Sources */,
				47EC54662C822950006C2820 /* HomeView.swift in Sources */,
				47EC54682C8229B2006C2820 /* SettingsView.swift in Sources */,
				47EC54772C84DF3A006C2820 /* SearchListView.swift in Sources */,
				47EC54812C8B0CC9006C2820 /* UserDefaults+Extension.swift in Sources */,
				47EC547B2C87164E006C2820 /* BackgroundTasks.swift in Sources */,
				47EC547D2C88324E006C2820 /* Haptics.swift in Sources */,
				47EC54832C8CC4F6006C2820 /* AccountView.swift in Sources */,
				471FE9782C7F808C00D20F4C /* ContentView.swift in Sources */,
				47EC546C2C822A25006C2820 /* ScheduleNotificationView.swift in Sources */,
				47EC54702C822AC4006C2820 /* ProfileCardView.swift in Sources */,
				47EC548A2C8F22FA006C2820 /* OnboardingView.swift in Sources */,
				47EC54742C822DA5006C2820 /* ErrorView.swift in Sources */,
				471FE9762C7F808C00D20F4C /* MoxieTrackerApp.swift in Sources */,
			);
			runOnlyForDeploymentPostprocessing = 0;
		};
		471FE97E2C7F808D00D20F4C /* Sources */ = {
			isa = PBXSourcesBuildPhase;
			buildActionMask = 2147483647;
			files = (
				471FE9872C7F808D00D20F4C /* MoxieTrackerTests.swift in Sources */,
			);
			runOnlyForDeploymentPostprocessing = 0;
		};
		471FE9882C7F808D00D20F4C /* Sources */ = {
			isa = PBXSourcesBuildPhase;
			buildActionMask = 2147483647;
			files = (
				471FE9932C7F808D00D20F4C /* MoxieTrackerUITestsLaunchTests.swift in Sources */,
				471FE9912C7F808D00D20F4C /* MoxieTrackerUITests.swift in Sources */,
			);
			runOnlyForDeploymentPostprocessing = 0;
		};
		471FE9A32C7F821400D20F4C /* Sources */ = {
			isa = PBXSourcesBuildPhase;
			buildActionMask = 2147483647;
			files = (
				471FE9BF2C7F823400D20F4C /* MoxieWidgetSimpleBundle.swift in Sources */,
				471FE9BE2C7F823400D20F4C /* MoxieWidgetSimple.swift in Sources */,
				471FE9BD2C7F823400D20F4C /* MoxieWidgetSimpleLiveActivity.swift in Sources */,
				471FE9C02C7F823400D20F4C /* AppIntent.swift in Sources */,
			);
			runOnlyForDeploymentPostprocessing = 0;
		};
		47C323FB2C6E578300BE03C2 /* Sources */ = {
			isa = PBXSourcesBuildPhase;
			buildActionMask = 2147483647;
			files = (
				471FE9482C764FF600D20F4C /* LeaderboardView.swift in Sources */,
				47C324052C6E578300BE03C2 /* ContentView.swift in Sources */,
				471FE94A2C7749C400D20F4C /* GenericTipView.swift in Sources */,
				B9DF7F722C73C5E90073D772 /* WaterView.swift in Sources */,
				471FE9532C7CEC4300D20F4C /* ToDelete.swift in Sources */,
				471FE9462C764B8B00D20F4C /* FCard.swift in Sources */,
				47C324032C6E578300BE03C2 /* fc_poc_wfApp.swift in Sources */,
			);
			runOnlyForDeploymentPostprocessing = 0;
		};
		47C3240B2C6E578400BE03C2 /* Sources */ = {
			isa = PBXSourcesBuildPhase;
			buildActionMask = 2147483647;
			files = (
				47C324142C6E578400BE03C2 /* fc_poc_wfTests.swift in Sources */,
			);
			runOnlyForDeploymentPostprocessing = 0;
		};
		47C324152C6E578400BE03C2 /* Sources */ = {
			isa = PBXSourcesBuildPhase;
			buildActionMask = 2147483647;
			files = (
				47C3241E2C6E578400BE03C2 /* fc_poc_wfUITests.swift in Sources */,
				47C324202C6E578400BE03C2 /* fc_poc_wfUITestsLaunchTests.swift in Sources */,
			);
			runOnlyForDeploymentPostprocessing = 0;
		};
		47C3242C2C6E57D400BE03C2 /* Sources */ = {
			isa = PBXSourcesBuildPhase;
			buildActionMask = 2147483647;
			files = (
				47C3243C2C6E57D500BE03C2 /* FCWidgets.swift in Sources */,
				47C3243E2C6E57D500BE03C2 /* AppIntent.swift in Sources */,
				47C324382C6E57D500BE03C2 /* FCWidgetsBundle.swift in Sources */,
				47C3243A2C6E57D500BE03C2 /* FCWidgetsLiveActivity.swift in Sources */,
			);
			runOnlyForDeploymentPostprocessing = 0;
		};
		B9DF7F562C73B0FD0073D772 /* Sources */ = {
			isa = PBXSourcesBuildPhase;
			buildActionMask = 2147483647;
			files = (
				B9DF7F5F2C73B0FD0073D772 /* FartherWidgetBundle.swift in Sources */,
				B9DF7F652C73B0FD0073D772 /* AppIntent.swift in Sources */,
				B9DF7F612C73B0FD0073D772 /* FartherWidgetLiveActivity.swift in Sources */,
				471FE9422C74C10B00D20F4C /* Provider.swift in Sources */,
				B9DF7F632C73B0FD0073D772 /* FartherWidget.swift in Sources */,
			);
			runOnlyForDeploymentPostprocessing = 0;
		};
/* End PBXSourcesBuildPhase section */

/* Begin PBXTargetDependency section */
		471FE9842C7F808D00D20F4C /* PBXTargetDependency */ = {
			isa = PBXTargetDependency;
			target = 471FE9722C7F808C00D20F4C /* Moxito */;
			targetProxy = 471FE9832C7F808D00D20F4C /* PBXContainerItemProxy */;
		};
		471FE98E2C7F808D00D20F4C /* PBXTargetDependency */ = {
			isa = PBXTargetDependency;
			target = 471FE9722C7F808C00D20F4C /* Moxito */;
			targetProxy = 471FE98D2C7F808D00D20F4C /* PBXContainerItemProxy */;
		};
		471FE9B72C7F821400D20F4C /* PBXTargetDependency */ = {
			isa = PBXTargetDependency;
			target = 471FE9A62C7F821400D20F4C /* MoxieWidgetExtension */;
			targetProxy = 471FE9B62C7F821400D20F4C /* PBXContainerItemProxy */;
		};
		47C324112C6E578400BE03C2 /* PBXTargetDependency */ = {
			isa = PBXTargetDependency;
			target = 47C323FE2C6E578300BE03C2 /* fc-poc-wf */;
			targetProxy = 47C324102C6E578400BE03C2 /* PBXContainerItemProxy */;
		};
		47C3241B2C6E578400BE03C2 /* PBXTargetDependency */ = {
			isa = PBXTargetDependency;
			target = 47C323FE2C6E578300BE03C2 /* fc-poc-wf */;
			targetProxy = 47C3241A2C6E578400BE03C2 /* PBXContainerItemProxy */;
		};
		47C324432C6E57D500BE03C2 /* PBXTargetDependency */ = {
			isa = PBXTargetDependency;
			target = 47C3242F2C6E57D400BE03C2 /* FCWidgetsExtension */;
			targetProxy = 47C324422C6E57D500BE03C2 /* PBXContainerItemProxy */;
		};
		B9DF7F6A2C73B1000073D772 /* PBXTargetDependency */ = {
			isa = PBXTargetDependency;
			target = B9DF7F592C73B0FD0073D772 /* FartherWidgetExtension */;
			targetProxy = B9DF7F692C73B1000073D772 /* PBXContainerItemProxy */;
		};
/* End PBXTargetDependency section */

/* Begin XCBuildConfiguration section */
		471FE9952C7F808D00D20F4C /* Debug */ = {
			isa = XCBuildConfiguration;
			buildSettings = {
				ALWAYS_EMBED_SWIFT_STANDARD_LIBRARIES = YES;
				ASSETCATALOG_COMPILER_APPICON_NAME = AppIcon;
				ASSETCATALOG_COMPILER_GLOBAL_ACCENT_COLOR_NAME = AccentColor;
				CODE_SIGN_ENTITLEMENTS = Moxito.entitlements;
				CODE_SIGN_STYLE = Automatic;
				CURRENT_PROJECT_VERSION = 3;
				DEVELOPMENT_ASSET_PATHS = "\"MoxieTracker/Preview Content\"";
				DEVELOPMENT_TEAM = HL92L2PJSU;
				ENABLE_PREVIEWS = YES;
				GENERATE_INFOPLIST_FILE = YES;
				INFOPLIST_FILE = "Moxito-Info.plist";
				INFOPLIST_KEY_CFBundleDisplayName = Moxito;
				INFOPLIST_KEY_LSApplicationCategoryType = "public.app-category.utilities";
				INFOPLIST_KEY_UIApplicationSceneManifest_Generation = YES;
				INFOPLIST_KEY_UIApplicationSupportsIndirectInputEvents = YES;
				INFOPLIST_KEY_UILaunchScreen_Generation = YES;
				INFOPLIST_KEY_UILaunchStoryboardName = "Launch Screen.storyboard";
				INFOPLIST_KEY_UISupportedInterfaceOrientations = UIInterfaceOrientationPortrait;
				INFOPLIST_KEY_UISupportedInterfaceOrientations_iPad = "UIInterfaceOrientationLandscapeLeft UIInterfaceOrientationLandscapeRight UIInterfaceOrientationPortrait UIInterfaceOrientationPortraitUpsideDown";
				IPHONEOS_DEPLOYMENT_TARGET = 17.2;
				LD_RUNPATH_SEARCH_PATHS = (
					"$(inherited)",
					"@executable_path/Frameworks",
				);
				MARKETING_VERSION = 1.0.1;
				PRODUCT_BUNDLE_IDENTIFIER = com.christianleovido.Moxito;
				PRODUCT_NAME = "$(TARGET_NAME)";
				SWIFT_EMIT_LOC_STRINGS = YES;
				SWIFT_VERSION = 5.0;
				TARGETED_DEVICE_FAMILY = "1,2";
			};
			name = Debug;
		};
		471FE9962C7F808D00D20F4C /* Release */ = {
			isa = XCBuildConfiguration;
			buildSettings = {
				ALWAYS_EMBED_SWIFT_STANDARD_LIBRARIES = YES;
				ASSETCATALOG_COMPILER_APPICON_NAME = AppIcon;
				ASSETCATALOG_COMPILER_GLOBAL_ACCENT_COLOR_NAME = AccentColor;
				CODE_SIGN_ENTITLEMENTS = Moxito.entitlements;
				CODE_SIGN_STYLE = Automatic;
				CURRENT_PROJECT_VERSION = 3;
				DEVELOPMENT_ASSET_PATHS = "\"MoxieTracker/Preview Content\"";
				DEVELOPMENT_TEAM = HL92L2PJSU;
				ENABLE_PREVIEWS = YES;
				GENERATE_INFOPLIST_FILE = YES;
				INFOPLIST_FILE = "Moxito-Info.plist";
				INFOPLIST_KEY_CFBundleDisplayName = Moxito;
				INFOPLIST_KEY_LSApplicationCategoryType = "public.app-category.utilities";
				INFOPLIST_KEY_UIApplicationSceneManifest_Generation = YES;
				INFOPLIST_KEY_UIApplicationSupportsIndirectInputEvents = YES;
				INFOPLIST_KEY_UILaunchScreen_Generation = YES;
				INFOPLIST_KEY_UILaunchStoryboardName = "Launch Screen.storyboard";
				INFOPLIST_KEY_UISupportedInterfaceOrientations = UIInterfaceOrientationPortrait;
				INFOPLIST_KEY_UISupportedInterfaceOrientations_iPad = "UIInterfaceOrientationLandscapeLeft UIInterfaceOrientationLandscapeRight UIInterfaceOrientationPortrait UIInterfaceOrientationPortraitUpsideDown";
				IPHONEOS_DEPLOYMENT_TARGET = 17.2;
				LD_RUNPATH_SEARCH_PATHS = (
					"$(inherited)",
					"@executable_path/Frameworks",
				);
				MARKETING_VERSION = 1.0.1;
				PRODUCT_BUNDLE_IDENTIFIER = com.christianleovido.Moxito;
				PRODUCT_NAME = "$(TARGET_NAME)";
				SWIFT_EMIT_LOC_STRINGS = YES;
				SWIFT_VERSION = 5.0;
				TARGETED_DEVICE_FAMILY = "1,2";
			};
			name = Release;
		};
		471FE9982C7F808D00D20F4C /* Debug */ = {
			isa = XCBuildConfiguration;
			buildSettings = {
				ALWAYS_EMBED_SWIFT_STANDARD_LIBRARIES = YES;
				BUNDLE_LOADER = "$(TEST_HOST)";
				CODE_SIGN_STYLE = Automatic;
				CURRENT_PROJECT_VERSION = 1;
				DEVELOPMENT_TEAM = HL92L2PJSU;
				GENERATE_INFOPLIST_FILE = YES;
				IPHONEOS_DEPLOYMENT_TARGET = 17.2;
				MARKETING_VERSION = 1.0;
				PRODUCT_BUNDLE_IDENTIFIER = com.christianleovido.MoxieTrackerTests;
				PRODUCT_NAME = "$(TARGET_NAME)";
				SWIFT_EMIT_LOC_STRINGS = NO;
				SWIFT_VERSION = 5.0;
				TARGETED_DEVICE_FAMILY = "1,2";
				TEST_HOST = "$(BUILT_PRODUCTS_DIR)/MoxieTracker.app/$(BUNDLE_EXECUTABLE_FOLDER_PATH)/MoxieTracker";
			};
			name = Debug;
		};
		471FE9992C7F808D00D20F4C /* Release */ = {
			isa = XCBuildConfiguration;
			buildSettings = {
				ALWAYS_EMBED_SWIFT_STANDARD_LIBRARIES = YES;
				BUNDLE_LOADER = "$(TEST_HOST)";
				CODE_SIGN_STYLE = Automatic;
				CURRENT_PROJECT_VERSION = 1;
				DEVELOPMENT_TEAM = HL92L2PJSU;
				GENERATE_INFOPLIST_FILE = YES;
				IPHONEOS_DEPLOYMENT_TARGET = 17.2;
				MARKETING_VERSION = 1.0;
				PRODUCT_BUNDLE_IDENTIFIER = com.christianleovido.MoxieTrackerTests;
				PRODUCT_NAME = "$(TARGET_NAME)";
				SWIFT_EMIT_LOC_STRINGS = NO;
				SWIFT_VERSION = 5.0;
				TARGETED_DEVICE_FAMILY = "1,2";
				TEST_HOST = "$(BUILT_PRODUCTS_DIR)/MoxieTracker.app/$(BUNDLE_EXECUTABLE_FOLDER_PATH)/MoxieTracker";
			};
			name = Release;
		};
		471FE99B2C7F808D00D20F4C /* Debug */ = {
			isa = XCBuildConfiguration;
			buildSettings = {
				ALWAYS_EMBED_SWIFT_STANDARD_LIBRARIES = YES;
				CODE_SIGN_STYLE = Automatic;
				CURRENT_PROJECT_VERSION = 1;
				DEVELOPMENT_TEAM = HL92L2PJSU;
				GENERATE_INFOPLIST_FILE = YES;
				IPHONEOS_DEPLOYMENT_TARGET = 17.2;
				MARKETING_VERSION = 1.0;
				PRODUCT_BUNDLE_IDENTIFIER = com.christianleovido.MoxieTrackerUITests;
				PRODUCT_NAME = "$(TARGET_NAME)";
				SWIFT_EMIT_LOC_STRINGS = NO;
				SWIFT_VERSION = 5.0;
				TARGETED_DEVICE_FAMILY = "1,2";
				TEST_TARGET_NAME = MoxieTracker;
			};
			name = Debug;
		};
		471FE99C2C7F808D00D20F4C /* Release */ = {
			isa = XCBuildConfiguration;
			buildSettings = {
				ALWAYS_EMBED_SWIFT_STANDARD_LIBRARIES = YES;
				CODE_SIGN_STYLE = Automatic;
				CURRENT_PROJECT_VERSION = 1;
				DEVELOPMENT_TEAM = HL92L2PJSU;
				GENERATE_INFOPLIST_FILE = YES;
				IPHONEOS_DEPLOYMENT_TARGET = 17.2;
				MARKETING_VERSION = 1.0;
				PRODUCT_BUNDLE_IDENTIFIER = com.christianleovido.MoxieTrackerUITests;
				PRODUCT_NAME = "$(TARGET_NAME)";
				SWIFT_EMIT_LOC_STRINGS = NO;
				SWIFT_VERSION = 5.0;
				TARGETED_DEVICE_FAMILY = "1,2";
				TEST_TARGET_NAME = MoxieTracker;
			};
			name = Release;
		};
		471FE9BA2C7F821500D20F4C /* Debug */ = {
			isa = XCBuildConfiguration;
			buildSettings = {
				ASSETCATALOG_COMPILER_GLOBAL_ACCENT_COLOR_NAME = AccentColor;
				ASSETCATALOG_COMPILER_WIDGET_BACKGROUND_COLOR_NAME = WidgetBackground;
				CODE_SIGN_ENTITLEMENTS = MoxieWidgetExtension.entitlements;
				CODE_SIGN_STYLE = Automatic;
				CURRENT_PROJECT_VERSION = 3;
				DEVELOPMENT_TEAM = HL92L2PJSU;
				GENERATE_INFOPLIST_FILE = YES;
				INFOPLIST_FILE = MoxieWidget/Info.plist;
				INFOPLIST_KEY_CFBundleDisplayName = MoxieWidget;
				INFOPLIST_KEY_NSHumanReadableCopyright = "";
				IPHONEOS_DEPLOYMENT_TARGET = 17.2;
				LD_RUNPATH_SEARCH_PATHS = (
					"$(inherited)",
					"@executable_path/Frameworks",
					"@executable_path/../../Frameworks",
				);
				MARKETING_VERSION = 1.0.1;
				PRODUCT_BUNDLE_IDENTIFIER = com.christianleovido.Moxito.MoxieWidget;
				PRODUCT_NAME = "$(TARGET_NAME)";
				SKIP_INSTALL = YES;
				SWIFT_EMIT_LOC_STRINGS = YES;
				SWIFT_VERSION = 5.0;
				TARGETED_DEVICE_FAMILY = "1,2";
			};
			name = Debug;
		};
		471FE9BB2C7F821500D20F4C /* Release */ = {
			isa = XCBuildConfiguration;
			buildSettings = {
				ASSETCATALOG_COMPILER_GLOBAL_ACCENT_COLOR_NAME = AccentColor;
				ASSETCATALOG_COMPILER_WIDGET_BACKGROUND_COLOR_NAME = WidgetBackground;
				CODE_SIGN_ENTITLEMENTS = MoxieWidgetExtension.entitlements;
				CODE_SIGN_STYLE = Automatic;
				CURRENT_PROJECT_VERSION = 3;
				DEVELOPMENT_TEAM = HL92L2PJSU;
				GENERATE_INFOPLIST_FILE = YES;
				INFOPLIST_FILE = MoxieWidget/Info.plist;
				INFOPLIST_KEY_CFBundleDisplayName = MoxieWidget;
				INFOPLIST_KEY_NSHumanReadableCopyright = "";
				IPHONEOS_DEPLOYMENT_TARGET = 17.2;
				LD_RUNPATH_SEARCH_PATHS = (
					"$(inherited)",
					"@executable_path/Frameworks",
					"@executable_path/../../Frameworks",
				);
				MARKETING_VERSION = 1.0.1;
				PRODUCT_BUNDLE_IDENTIFIER = com.christianleovido.Moxito.MoxieWidget;
				PRODUCT_NAME = "$(TARGET_NAME)";
				SKIP_INSTALL = YES;
				SWIFT_EMIT_LOC_STRINGS = YES;
				SWIFT_VERSION = 5.0;
				TARGETED_DEVICE_FAMILY = "1,2";
			};
			name = Release;
		};
		47C324212C6E578400BE03C2 /* Debug */ = {
			isa = XCBuildConfiguration;
			buildSettings = {
				ALWAYS_SEARCH_USER_PATHS = NO;
				ASSETCATALOG_COMPILER_GENERATE_SWIFT_ASSET_SYMBOL_EXTENSIONS = YES;
				CLANG_ANALYZER_NONNULL = YES;
				CLANG_ANALYZER_NUMBER_OBJECT_CONVERSION = YES_AGGRESSIVE;
				CLANG_CXX_LANGUAGE_STANDARD = "gnu++20";
				CLANG_ENABLE_MODULES = YES;
				CLANG_ENABLE_OBJC_ARC = YES;
				CLANG_ENABLE_OBJC_WEAK = YES;
				CLANG_WARN_BLOCK_CAPTURE_AUTORELEASING = YES;
				CLANG_WARN_BOOL_CONVERSION = YES;
				CLANG_WARN_COMMA = YES;
				CLANG_WARN_CONSTANT_CONVERSION = YES;
				CLANG_WARN_DEPRECATED_OBJC_IMPLEMENTATIONS = YES;
				CLANG_WARN_DIRECT_OBJC_ISA_USAGE = YES_ERROR;
				CLANG_WARN_DOCUMENTATION_COMMENTS = YES;
				CLANG_WARN_EMPTY_BODY = YES;
				CLANG_WARN_ENUM_CONVERSION = YES;
				CLANG_WARN_INFINITE_RECURSION = YES;
				CLANG_WARN_INT_CONVERSION = YES;
				CLANG_WARN_NON_LITERAL_NULL_CONVERSION = YES;
				CLANG_WARN_OBJC_IMPLICIT_RETAIN_SELF = YES;
				CLANG_WARN_OBJC_LITERAL_CONVERSION = YES;
				CLANG_WARN_OBJC_ROOT_CLASS = YES_ERROR;
				CLANG_WARN_QUOTED_INCLUDE_IN_FRAMEWORK_HEADER = YES;
				CLANG_WARN_RANGE_LOOP_ANALYSIS = YES;
				CLANG_WARN_STRICT_PROTOTYPES = YES;
				CLANG_WARN_SUSPICIOUS_MOVE = YES;
				CLANG_WARN_UNGUARDED_AVAILABILITY = YES_AGGRESSIVE;
				CLANG_WARN_UNREACHABLE_CODE = YES;
				CLANG_WARN__DUPLICATE_METHOD_MATCH = YES;
				COPY_PHASE_STRIP = NO;
				DEBUG_INFORMATION_FORMAT = dwarf;
				ENABLE_STRICT_OBJC_MSGSEND = YES;
				ENABLE_TESTABILITY = YES;
				ENABLE_USER_SCRIPT_SANDBOXING = YES;
				GCC_C_LANGUAGE_STANDARD = gnu17;
				GCC_DYNAMIC_NO_PIC = NO;
				GCC_NO_COMMON_BLOCKS = YES;
				GCC_OPTIMIZATION_LEVEL = 0;
				GCC_PREPROCESSOR_DEFINITIONS = (
					"DEBUG=1",
					"$(inherited)",
				);
				GCC_WARN_64_TO_32_BIT_CONVERSION = YES;
				GCC_WARN_ABOUT_RETURN_TYPE = YES_ERROR;
				GCC_WARN_UNDECLARED_SELECTOR = YES;
				GCC_WARN_UNINITIALIZED_AUTOS = YES_AGGRESSIVE;
				GCC_WARN_UNUSED_FUNCTION = YES;
				GCC_WARN_UNUSED_VARIABLE = YES;
				IPHONEOS_DEPLOYMENT_TARGET = 17.0;
				LOCALIZATION_PREFERS_STRING_CATALOGS = YES;
				MTL_ENABLE_DEBUG_INFO = INCLUDE_SOURCE;
				MTL_FAST_MATH = YES;
				ONLY_ACTIVE_ARCH = YES;
				SDKROOT = iphoneos;
				SWIFT_ACTIVE_COMPILATION_CONDITIONS = "DEBUG $(inherited)";
				SWIFT_OPTIMIZATION_LEVEL = "-Onone";
			};
			name = Debug;
		};
		47C324222C6E578400BE03C2 /* Release */ = {
			isa = XCBuildConfiguration;
			buildSettings = {
				ALWAYS_SEARCH_USER_PATHS = NO;
				ASSETCATALOG_COMPILER_GENERATE_SWIFT_ASSET_SYMBOL_EXTENSIONS = YES;
				CLANG_ANALYZER_NONNULL = YES;
				CLANG_ANALYZER_NUMBER_OBJECT_CONVERSION = YES_AGGRESSIVE;
				CLANG_CXX_LANGUAGE_STANDARD = "gnu++20";
				CLANG_ENABLE_MODULES = YES;
				CLANG_ENABLE_OBJC_ARC = YES;
				CLANG_ENABLE_OBJC_WEAK = YES;
				CLANG_WARN_BLOCK_CAPTURE_AUTORELEASING = YES;
				CLANG_WARN_BOOL_CONVERSION = YES;
				CLANG_WARN_COMMA = YES;
				CLANG_WARN_CONSTANT_CONVERSION = YES;
				CLANG_WARN_DEPRECATED_OBJC_IMPLEMENTATIONS = YES;
				CLANG_WARN_DIRECT_OBJC_ISA_USAGE = YES_ERROR;
				CLANG_WARN_DOCUMENTATION_COMMENTS = YES;
				CLANG_WARN_EMPTY_BODY = YES;
				CLANG_WARN_ENUM_CONVERSION = YES;
				CLANG_WARN_INFINITE_RECURSION = YES;
				CLANG_WARN_INT_CONVERSION = YES;
				CLANG_WARN_NON_LITERAL_NULL_CONVERSION = YES;
				CLANG_WARN_OBJC_IMPLICIT_RETAIN_SELF = YES;
				CLANG_WARN_OBJC_LITERAL_CONVERSION = YES;
				CLANG_WARN_OBJC_ROOT_CLASS = YES_ERROR;
				CLANG_WARN_QUOTED_INCLUDE_IN_FRAMEWORK_HEADER = YES;
				CLANG_WARN_RANGE_LOOP_ANALYSIS = YES;
				CLANG_WARN_STRICT_PROTOTYPES = YES;
				CLANG_WARN_SUSPICIOUS_MOVE = YES;
				CLANG_WARN_UNGUARDED_AVAILABILITY = YES_AGGRESSIVE;
				CLANG_WARN_UNREACHABLE_CODE = YES;
				CLANG_WARN__DUPLICATE_METHOD_MATCH = YES;
				COPY_PHASE_STRIP = NO;
				DEBUG_INFORMATION_FORMAT = "dwarf-with-dsym";
				ENABLE_NS_ASSERTIONS = NO;
				ENABLE_STRICT_OBJC_MSGSEND = YES;
				ENABLE_USER_SCRIPT_SANDBOXING = YES;
				GCC_C_LANGUAGE_STANDARD = gnu17;
				GCC_NO_COMMON_BLOCKS = YES;
				GCC_WARN_64_TO_32_BIT_CONVERSION = YES;
				GCC_WARN_ABOUT_RETURN_TYPE = YES_ERROR;
				GCC_WARN_UNDECLARED_SELECTOR = YES;
				GCC_WARN_UNINITIALIZED_AUTOS = YES_AGGRESSIVE;
				GCC_WARN_UNUSED_FUNCTION = YES;
				GCC_WARN_UNUSED_VARIABLE = YES;
				IPHONEOS_DEPLOYMENT_TARGET = 17.0;
				LOCALIZATION_PREFERS_STRING_CATALOGS = YES;
				MTL_ENABLE_DEBUG_INFO = NO;
				MTL_FAST_MATH = YES;
				SDKROOT = iphoneos;
				SWIFT_COMPILATION_MODE = wholemodule;
				VALIDATE_PRODUCT = YES;
			};
			name = Release;
		};
		47C324242C6E578400BE03C2 /* Debug */ = {
			isa = XCBuildConfiguration;
			buildSettings = {
				ALWAYS_EMBED_SWIFT_STANDARD_LIBRARIES = YES;
				ASSETCATALOG_COMPILER_APPICON_NAME = AppIcon;
				ASSETCATALOG_COMPILER_GLOBAL_ACCENT_COLOR_NAME = AccentColor;
				CODE_SIGN_STYLE = Automatic;
				CURRENT_PROJECT_VERSION = 1;
				DEVELOPMENT_ASSET_PATHS = "\"fc-poc-wf/Preview Content\"";
				DEVELOPMENT_TEAM = HL92L2PJSU;
				ENABLE_PREVIEWS = YES;
				GENERATE_INFOPLIST_FILE = YES;
				INFOPLIST_FILE = "fc-poc-wf/Info.plist";
				INFOPLIST_KEY_CFBundleDisplayName = TipSync;
				INFOPLIST_KEY_UIApplicationSceneManifest_Generation = YES;
				INFOPLIST_KEY_UIApplicationSupportsIndirectInputEvents = YES;
				INFOPLIST_KEY_UILaunchScreen_Generation = YES;
				INFOPLIST_KEY_UISupportedInterfaceOrientations = UIInterfaceOrientationPortrait;
				INFOPLIST_KEY_UISupportedInterfaceOrientations_iPad = "UIInterfaceOrientationLandscapeLeft UIInterfaceOrientationLandscapeRight UIInterfaceOrientationPortrait UIInterfaceOrientationPortraitUpsideDown";
				IPHONEOS_DEPLOYMENT_TARGET = 17.0;
				LD_RUNPATH_SEARCH_PATHS = (
					"$(inherited)",
					"@executable_path/Frameworks",
				);
				MARKETING_VERSION = 1.0;
				PRODUCT_BUNDLE_IDENTIFIER = "com.christianleovido.fc-poc-wf";
				PRODUCT_NAME = "$(TARGET_NAME)";
				SWIFT_EMIT_LOC_STRINGS = YES;
				SWIFT_VERSION = 5.0;
				TARGETED_DEVICE_FAMILY = "1,2";
			};
			name = Debug;
		};
		47C324252C6E578400BE03C2 /* Release */ = {
			isa = XCBuildConfiguration;
			buildSettings = {
				ALWAYS_EMBED_SWIFT_STANDARD_LIBRARIES = YES;
				ASSETCATALOG_COMPILER_APPICON_NAME = AppIcon;
				ASSETCATALOG_COMPILER_GLOBAL_ACCENT_COLOR_NAME = AccentColor;
				CODE_SIGN_STYLE = Automatic;
				CURRENT_PROJECT_VERSION = 1;
				DEVELOPMENT_ASSET_PATHS = "\"fc-poc-wf/Preview Content\"";
				DEVELOPMENT_TEAM = HL92L2PJSU;
				ENABLE_PREVIEWS = YES;
				GENERATE_INFOPLIST_FILE = YES;
				INFOPLIST_FILE = "fc-poc-wf/Info.plist";
				INFOPLIST_KEY_CFBundleDisplayName = TipSync;
				INFOPLIST_KEY_UIApplicationSceneManifest_Generation = YES;
				INFOPLIST_KEY_UIApplicationSupportsIndirectInputEvents = YES;
				INFOPLIST_KEY_UILaunchScreen_Generation = YES;
				INFOPLIST_KEY_UISupportedInterfaceOrientations = UIInterfaceOrientationPortrait;
				INFOPLIST_KEY_UISupportedInterfaceOrientations_iPad = "UIInterfaceOrientationLandscapeLeft UIInterfaceOrientationLandscapeRight UIInterfaceOrientationPortrait UIInterfaceOrientationPortraitUpsideDown";
				IPHONEOS_DEPLOYMENT_TARGET = 17.0;
				LD_RUNPATH_SEARCH_PATHS = (
					"$(inherited)",
					"@executable_path/Frameworks",
				);
				MARKETING_VERSION = 1.0;
				PRODUCT_BUNDLE_IDENTIFIER = "com.christianleovido.fc-poc-wf";
				PRODUCT_NAME = "$(TARGET_NAME)";
				SWIFT_EMIT_LOC_STRINGS = YES;
				SWIFT_VERSION = 5.0;
				TARGETED_DEVICE_FAMILY = "1,2";
			};
			name = Release;
		};
		47C324272C6E578400BE03C2 /* Debug */ = {
			isa = XCBuildConfiguration;
			buildSettings = {
				ALWAYS_EMBED_SWIFT_STANDARD_LIBRARIES = YES;
				BUNDLE_LOADER = "$(TEST_HOST)";
				CODE_SIGN_STYLE = Automatic;
				CURRENT_PROJECT_VERSION = 1;
				DEVELOPMENT_TEAM = HL92L2PJSU;
				GENERATE_INFOPLIST_FILE = YES;
				IPHONEOS_DEPLOYMENT_TARGET = 17.2;
				MARKETING_VERSION = 1.0;
				PRODUCT_BUNDLE_IDENTIFIER = "com.christianleovido.fc-poc-wfTests";
				PRODUCT_NAME = "$(TARGET_NAME)";
				SWIFT_EMIT_LOC_STRINGS = NO;
				SWIFT_VERSION = 5.0;
				TARGETED_DEVICE_FAMILY = "1,2";
				TEST_HOST = "$(BUILT_PRODUCTS_DIR)/fc-poc-wf.app/$(BUNDLE_EXECUTABLE_FOLDER_PATH)/fc-poc-wf";
			};
			name = Debug;
		};
		47C324282C6E578400BE03C2 /* Release */ = {
			isa = XCBuildConfiguration;
			buildSettings = {
				ALWAYS_EMBED_SWIFT_STANDARD_LIBRARIES = YES;
				BUNDLE_LOADER = "$(TEST_HOST)";
				CODE_SIGN_STYLE = Automatic;
				CURRENT_PROJECT_VERSION = 1;
				DEVELOPMENT_TEAM = HL92L2PJSU;
				GENERATE_INFOPLIST_FILE = YES;
				IPHONEOS_DEPLOYMENT_TARGET = 17.2;
				MARKETING_VERSION = 1.0;
				PRODUCT_BUNDLE_IDENTIFIER = "com.christianleovido.fc-poc-wfTests";
				PRODUCT_NAME = "$(TARGET_NAME)";
				SWIFT_EMIT_LOC_STRINGS = NO;
				SWIFT_VERSION = 5.0;
				TARGETED_DEVICE_FAMILY = "1,2";
				TEST_HOST = "$(BUILT_PRODUCTS_DIR)/fc-poc-wf.app/$(BUNDLE_EXECUTABLE_FOLDER_PATH)/fc-poc-wf";
			};
			name = Release;
		};
		47C3242A2C6E578400BE03C2 /* Debug */ = {
			isa = XCBuildConfiguration;
			buildSettings = {
				ALWAYS_EMBED_SWIFT_STANDARD_LIBRARIES = YES;
				CODE_SIGN_STYLE = Automatic;
				CURRENT_PROJECT_VERSION = 1;
				DEVELOPMENT_TEAM = HL92L2PJSU;
				GENERATE_INFOPLIST_FILE = YES;
				MARKETING_VERSION = 1.0;
				PRODUCT_BUNDLE_IDENTIFIER = "com.christianleovido.fc-poc-wfUITests";
				PRODUCT_NAME = "$(TARGET_NAME)";
				SWIFT_EMIT_LOC_STRINGS = NO;
				SWIFT_VERSION = 5.0;
				TARGETED_DEVICE_FAMILY = "1,2";
				TEST_TARGET_NAME = "fc-poc-wf";
			};
			name = Debug;
		};
		47C3242B2C6E578400BE03C2 /* Release */ = {
			isa = XCBuildConfiguration;
			buildSettings = {
				ALWAYS_EMBED_SWIFT_STANDARD_LIBRARIES = YES;
				CODE_SIGN_STYLE = Automatic;
				CURRENT_PROJECT_VERSION = 1;
				DEVELOPMENT_TEAM = HL92L2PJSU;
				GENERATE_INFOPLIST_FILE = YES;
				MARKETING_VERSION = 1.0;
				PRODUCT_BUNDLE_IDENTIFIER = "com.christianleovido.fc-poc-wfUITests";
				PRODUCT_NAME = "$(TARGET_NAME)";
				SWIFT_EMIT_LOC_STRINGS = NO;
				SWIFT_VERSION = 5.0;
				TARGETED_DEVICE_FAMILY = "1,2";
				TEST_TARGET_NAME = "fc-poc-wf";
			};
			name = Release;
		};
		47C324462C6E57D500BE03C2 /* Debug */ = {
			isa = XCBuildConfiguration;
			buildSettings = {
				ASSETCATALOG_COMPILER_GLOBAL_ACCENT_COLOR_NAME = AccentColor;
				ASSETCATALOG_COMPILER_WIDGET_BACKGROUND_COLOR_NAME = WidgetBackground;
				CODE_SIGN_STYLE = Automatic;
				CURRENT_PROJECT_VERSION = 1;
				DEVELOPMENT_TEAM = HL92L2PJSU;
				GENERATE_INFOPLIST_FILE = YES;
				INFOPLIST_FILE = FCWidgets/Info.plist;
				INFOPLIST_KEY_CFBundleDisplayName = FCWidgets;
				INFOPLIST_KEY_NSHumanReadableCopyright = "";
				LD_RUNPATH_SEARCH_PATHS = (
					"$(inherited)",
					"@executable_path/Frameworks",
					"@executable_path/../../Frameworks",
				);
				MARKETING_VERSION = 1.0;
				PRODUCT_BUNDLE_IDENTIFIER = "com.christianleovido.fc-poc-wf.FCWidgets";
				PRODUCT_NAME = "$(TARGET_NAME)";
				SKIP_INSTALL = YES;
				SWIFT_EMIT_LOC_STRINGS = YES;
				SWIFT_VERSION = 5.0;
				TARGETED_DEVICE_FAMILY = "1,2";
			};
			name = Debug;
		};
		47C324472C6E57D500BE03C2 /* Release */ = {
			isa = XCBuildConfiguration;
			buildSettings = {
				ASSETCATALOG_COMPILER_GLOBAL_ACCENT_COLOR_NAME = AccentColor;
				ASSETCATALOG_COMPILER_WIDGET_BACKGROUND_COLOR_NAME = WidgetBackground;
				CODE_SIGN_STYLE = Automatic;
				CURRENT_PROJECT_VERSION = 1;
				DEVELOPMENT_TEAM = HL92L2PJSU;
				GENERATE_INFOPLIST_FILE = YES;
				INFOPLIST_FILE = FCWidgets/Info.plist;
				INFOPLIST_KEY_CFBundleDisplayName = FCWidgets;
				INFOPLIST_KEY_NSHumanReadableCopyright = "";
				LD_RUNPATH_SEARCH_PATHS = (
					"$(inherited)",
					"@executable_path/Frameworks",
					"@executable_path/../../Frameworks",
				);
				MARKETING_VERSION = 1.0;
				PRODUCT_BUNDLE_IDENTIFIER = "com.christianleovido.fc-poc-wf.FCWidgets";
				PRODUCT_NAME = "$(TARGET_NAME)";
				SKIP_INSTALL = YES;
				SWIFT_EMIT_LOC_STRINGS = YES;
				SWIFT_VERSION = 5.0;
				TARGETED_DEVICE_FAMILY = "1,2";
			};
			name = Release;
		};
		B9DF7F6D2C73B1000073D772 /* Debug */ = {
			isa = XCBuildConfiguration;
			buildSettings = {
				ASSETCATALOG_COMPILER_GLOBAL_ACCENT_COLOR_NAME = AccentColor;
				ASSETCATALOG_COMPILER_WIDGET_BACKGROUND_COLOR_NAME = WidgetBackground;
				CODE_SIGN_STYLE = Automatic;
				CURRENT_PROJECT_VERSION = 1;
				DEVELOPMENT_TEAM = HL92L2PJSU;
				GENERATE_INFOPLIST_FILE = YES;
				INFOPLIST_FILE = FartherWidget/Info.plist;
				INFOPLIST_KEY_CFBundleDisplayName = FartherWidget;
				INFOPLIST_KEY_NSHumanReadableCopyright = "";
				LD_RUNPATH_SEARCH_PATHS = (
					"$(inherited)",
					"@executable_path/Frameworks",
					"@executable_path/../../Frameworks",
				);
				MARKETING_VERSION = 1.0;
				PRODUCT_BUNDLE_IDENTIFIER = "com.christianleovido.fc-poc-wf.FartherWidget";
				PRODUCT_NAME = "$(TARGET_NAME)";
				SKIP_INSTALL = YES;
				SWIFT_EMIT_LOC_STRINGS = YES;
				SWIFT_VERSION = 5.0;
				TARGETED_DEVICE_FAMILY = "1,2";
			};
			name = Debug;
		};
		B9DF7F6E2C73B1000073D772 /* Release */ = {
			isa = XCBuildConfiguration;
			buildSettings = {
				ASSETCATALOG_COMPILER_GLOBAL_ACCENT_COLOR_NAME = AccentColor;
				ASSETCATALOG_COMPILER_WIDGET_BACKGROUND_COLOR_NAME = WidgetBackground;
				CODE_SIGN_STYLE = Automatic;
				CURRENT_PROJECT_VERSION = 1;
				DEVELOPMENT_TEAM = HL92L2PJSU;
				GENERATE_INFOPLIST_FILE = YES;
				INFOPLIST_FILE = FartherWidget/Info.plist;
				INFOPLIST_KEY_CFBundleDisplayName = FartherWidget;
				INFOPLIST_KEY_NSHumanReadableCopyright = "";
				LD_RUNPATH_SEARCH_PATHS = (
					"$(inherited)",
					"@executable_path/Frameworks",
					"@executable_path/../../Frameworks",
				);
				MARKETING_VERSION = 1.0;
				PRODUCT_BUNDLE_IDENTIFIER = "com.christianleovido.fc-poc-wf.FartherWidget";
				PRODUCT_NAME = "$(TARGET_NAME)";
				SKIP_INSTALL = YES;
				SWIFT_EMIT_LOC_STRINGS = YES;
				SWIFT_VERSION = 5.0;
				TARGETED_DEVICE_FAMILY = "1,2";
			};
			name = Release;
		};
/* End XCBuildConfiguration section */

/* Begin XCConfigurationList section */
		471FE9942C7F808D00D20F4C /* Build configuration list for PBXNativeTarget "Moxito" */ = {
			isa = XCConfigurationList;
			buildConfigurations = (
				471FE9952C7F808D00D20F4C /* Debug */,
				471FE9962C7F808D00D20F4C /* Release */,
			);
			defaultConfigurationIsVisible = 0;
			defaultConfigurationName = Release;
		};
		471FE9972C7F808D00D20F4C /* Build configuration list for PBXNativeTarget "MoxieTrackerTests" */ = {
			isa = XCConfigurationList;
			buildConfigurations = (
				471FE9982C7F808D00D20F4C /* Debug */,
				471FE9992C7F808D00D20F4C /* Release */,
			);
			defaultConfigurationIsVisible = 0;
			defaultConfigurationName = Release;
		};
		471FE99A2C7F808D00D20F4C /* Build configuration list for PBXNativeTarget "MoxieTrackerUITests" */ = {
			isa = XCConfigurationList;
			buildConfigurations = (
				471FE99B2C7F808D00D20F4C /* Debug */,
				471FE99C2C7F808D00D20F4C /* Release */,
			);
			defaultConfigurationIsVisible = 0;
			defaultConfigurationName = Release;
		};
		471FE9B92C7F821500D20F4C /* Build configuration list for PBXNativeTarget "MoxieWidgetExtension" */ = {
			isa = XCConfigurationList;
			buildConfigurations = (
				471FE9BA2C7F821500D20F4C /* Debug */,
				471FE9BB2C7F821500D20F4C /* Release */,
			);
			defaultConfigurationIsVisible = 0;
			defaultConfigurationName = Release;
		};
		47C323FA2C6E578300BE03C2 /* Build configuration list for PBXProject "fc-poc-wf" */ = {
			isa = XCConfigurationList;
			buildConfigurations = (
				47C324212C6E578400BE03C2 /* Debug */,
				47C324222C6E578400BE03C2 /* Release */,
			);
			defaultConfigurationIsVisible = 0;
			defaultConfigurationName = Release;
		};
		47C324232C6E578400BE03C2 /* Build configuration list for PBXNativeTarget "fc-poc-wf" */ = {
			isa = XCConfigurationList;
			buildConfigurations = (
				47C324242C6E578400BE03C2 /* Debug */,
				47C324252C6E578400BE03C2 /* Release */,
			);
			defaultConfigurationIsVisible = 0;
			defaultConfigurationName = Release;
		};
		47C324262C6E578400BE03C2 /* Build configuration list for PBXNativeTarget "fc-poc-wfTests" */ = {
			isa = XCConfigurationList;
			buildConfigurations = (
				47C324272C6E578400BE03C2 /* Debug */,
				47C324282C6E578400BE03C2 /* Release */,
			);
			defaultConfigurationIsVisible = 0;
			defaultConfigurationName = Release;
		};
		47C324292C6E578400BE03C2 /* Build configuration list for PBXNativeTarget "fc-poc-wfUITests" */ = {
			isa = XCConfigurationList;
			buildConfigurations = (
				47C3242A2C6E578400BE03C2 /* Debug */,
				47C3242B2C6E578400BE03C2 /* Release */,
			);
			defaultConfigurationIsVisible = 0;
			defaultConfigurationName = Release;
		};
		47C324452C6E57D500BE03C2 /* Build configuration list for PBXNativeTarget "FCWidgetsExtension" */ = {
			isa = XCConfigurationList;
			buildConfigurations = (
				47C324462C6E57D500BE03C2 /* Debug */,
				47C324472C6E57D500BE03C2 /* Release */,
			);
			defaultConfigurationIsVisible = 0;
			defaultConfigurationName = Release;
		};
		B9DF7F6C2C73B1000073D772 /* Build configuration list for PBXNativeTarget "FartherWidgetExtension" */ = {
			isa = XCConfigurationList;
			buildConfigurations = (
				B9DF7F6D2C73B1000073D772 /* Debug */,
				B9DF7F6E2C73B1000073D772 /* Release */,
			);
			defaultConfigurationIsVisible = 0;
			defaultConfigurationName = Release;
		};
/* End XCConfigurationList section */

/* Begin XCRemoteSwiftPackageReference section */
		47EC54842C8E04AE006C2820 /* XCRemoteSwiftPackageReference "ConfettiSwiftUI" */ = {
			isa = XCRemoteSwiftPackageReference;
			repositoryURL = "https://github.com/simibac/ConfettiSwiftUI.git";
			requirement = {
				kind = upToNextMajorVersion;
				minimumVersion = 1.1.0;
			};
		};
		B9DF7F522C73611B0073D772 /* XCRemoteSwiftPackageReference "OpenGraph" */ = {
			isa = XCRemoteSwiftPackageReference;
			repositoryURL = "https://github.com/satoshi-takano/OpenGraph";
			requirement = {
				kind = upToNextMajorVersion;
				minimumVersion = 1.6.0;
			};
		};
/* End XCRemoteSwiftPackageReference section */

/* Begin XCSwiftPackageProductDependency section */
		471FE9432C75090500D20F4C /* TipLibs */ = {
			isa = XCSwiftPackageProductDependency;
			productName = TipLibs;
		};
		471FE99D2C7F809600D20F4C /* MoxieLib */ = {
			isa = XCSwiftPackageProductDependency;
			productName = MoxieLib;
		};
		471FE9C42C7F82E400D20F4C /* MoxieLib */ = {
			isa = XCSwiftPackageProductDependency;
			productName = MoxieLib;
		};
		47EC54632C808080006C2820 /* MoxieLib */ = {
			isa = XCSwiftPackageProductDependency;
			productName = MoxieLib;
		};
		47EC54852C8E04AE006C2820 /* ConfettiSwiftUI */ = {
			isa = XCSwiftPackageProductDependency;
			package = 47EC54842C8E04AE006C2820 /* XCRemoteSwiftPackageReference "ConfettiSwiftUI" */;
			productName = ConfettiSwiftUI;
		};
		B983C1022C74BC3E009B8893 /* TipLibs */ = {
			isa = XCSwiftPackageProductDependency;
			productName = TipLibs;
		};
		B9DF7F532C73611B0073D772 /* OpenGraph */ = {
			isa = XCSwiftPackageProductDependency;
			package = B9DF7F522C73611B0073D772 /* XCRemoteSwiftPackageReference "OpenGraph" */;
			productName = OpenGraph;
		};
/* End XCSwiftPackageProductDependency section */
	};
	rootObject = 47C323F72C6E578300BE03C2 /* Project object */;
}
